
Microsoft Visual Studio Solution File, Format Version 12.00
# Visual Studio Version 17
VisualStudioVersion = 17.14.36908.2 d17.14
MinimumVisualStudioVersion = 10.0.40219.1
Project("{2150E333-8FDC-42A3-9474-1A3956D46DE8}") = "PaymentService", "PaymentService", "{02EA681E-C7D8-13C7-8484-4AC65E1B71E8}"
EndProject
Project("{2150E333-8FDC-42A3-9474-1A3956D46DE8}") = "PricingService", "PricingService", "{921E2715-5910-4A8C-9AC1-4568077F97F8}"
EndProject
Project("{2150E333-8FDC-42A3-9474-1A3956D46DE8}") = "ProductService", "ProductService", "{EE4926DF-622F-40F3-A3CA-BA8B264ECC6E}"
EndProject
Project("{2150E333-8FDC-42A3-9474-1A3956D46DE8}") = "PolicyService", "PolicyService", "{720A06BD-7234-41DE-84C3-F6926EEF12E1}"
EndProject
Project("{2150E333-8FDC-42A3-9474-1A3956D46DE8}") = "DocumentsService", "DocumentsService", "{5469D2A0-870B-4AC1-86D6-1279BE8BBE4B}"
EndProject
Project("{2150E333-8FDC-42A3-9474-1A3956D46DE8}") = "PolicySearchService", "PolicySearchService", "{23CA5545-9720-4EFA-AFFD-BB87CD161D62}"
EndProject
Project("{2150E333-8FDC-42A3-9474-1A3956D46DE8}") = "Auth Service", "Auth Service", "{2961ADE7-A21B-440F-94A6-0A97F25A8419}"
EndProject
Project("{2150E333-8FDC-42A3-9474-1A3956D46DE8}") = "Chat Service", "Chat Service", "{B7FBC942-04FE-4E47-9387-E953945923BF}"
EndProject
Project("{2150E333-8FDC-42A3-9474-1A3956D46DE8}") = "Agent Portal API Gateway", "Agent Portal API Gateway", "{9E3FB8F3-E1CF-44E2-BA2A-2FE787182741}"
EndProject
Project("{2150E333-8FDC-42A3-9474-1A3956D46DE8}") = "Frontend", "Frontend", "{CFEC97B7-6719-43A9-A273-4EF4FE3E1AFD}"
EndProject
Project("{FAE04EC0-301F-11D3-BF4B-00C04F79EFBC}") = "Chat Service", "Chat Service\Chat Service.csproj", "{66B90CFF-07CB-4E8C-9E9C-FB69495C57DA}"
EndProject
Project("{FAE04EC0-301F-11D3-BF4B-00C04F79EFBC}") = "Chat Service.Api", "Chat Service.Api\Chat Service.Api.csproj", "{ADDF727C-1CFA-4A67-A32A-A028E44A09D7}"
EndProject
Project("{FAE04EC0-301F-11D3-BF4B-00C04F79EFBC}") = "Chat Service.Test", "Chat Service.Test\Chat Service.Test.csproj", "{9666F31D-3D76-4EF3-B0F8-75FF9A85E41E}"
EndProject
Project("{FAE04EC0-301F-11D3-BF4B-00C04F79EFBC}") = "DocumentsService", "DocumentsService\DocumentsService.csproj", "{446D4297-2A9B-4762-A63D-0AF14386A88E}"
EndProject
Project("{FAE04EC0-301F-11D3-BF4B-00C04F79EFBC}") = "DocumentsService.Api", "DocumentsService.Api\DocumentsService.Api.csproj", "{E3D1FEF6-2A94-4767-8DB3-38E6B87418C4}"
EndProject
Project("{FAE04EC0-301F-11D3-BF4B-00C04F79EFBC}") = "DocumentsService.Test", "DocumentsService.Test\DocumentsService.Test.csproj", "{13C0470D-E690-453D-A13C-06F29E0E6DFB}"
EndProject
Project("{FAE04EC0-301F-11D3-BF4B-00C04F79EFBC}") = "PaymentService", "PaymentService\PaymentService.csproj", "{26C724AC-F707-49DA-8853-94F61EAF8E51}"
EndProject
Project("{FAE04EC0-301F-11D3-BF4B-00C04F79EFBC}") = "PaymentService.Api", "PaymentService.Api\PaymentService.Api.csproj", "{11ADC183-CF64-4B94-A2C3-DEDCAFC84010}"
EndProject
Project("{FAE04EC0-301F-11D3-BF4B-00C04F79EFBC}") = "PaymentService.Test", "PaymentService.Test\PaymentService.Test.csproj", "{2AB7BCEE-C434-4B86-85E4-EDBF4B7EED73}"
EndProject
Project("{FAE04EC0-301F-11D3-BF4B-00C04F79EFBC}") = "PolicySearchService", "PolicySearchService\PolicySearchService.csproj", "{82AC57D3-AD3B-4FA9-881F-D22DD64530D1}"
EndProject
Project("{FAE04EC0-301F-11D3-BF4B-00C04F79EFBC}") = "PolicySearchService.Api", "PolicySearchService.Api\PolicySearchService.Api.csproj", "{01902560-B387-4D78-B47B-16E46D506286}"
EndProject
Project("{FAE04EC0-301F-11D3-BF4B-00C04F79EFBC}") = "PolicySearchService.Test", "PolicySearchService.Test\PolicySearchService.Test.csproj", "{763F8F01-E94E-49B5-AA43-4584DB26283F}"
EndProject
Project("{FAE04EC0-301F-11D3-BF4B-00C04F79EFBC}") = "PolicyService", "PolicyService\PolicyService.csproj", "{18683FA4-1C78-4214-9866-2C1565573136}"
EndProject
Project("{FAE04EC0-301F-11D3-BF4B-00C04F79EFBC}") = "PolicyService.Api", "PolicyService.Api\PolicyService.Api.csproj", "{F26742C7-52FC-4569-A75A-4FA809D146E2}"
EndProject
Project("{FAE04EC0-301F-11D3-BF4B-00C04F79EFBC}") = "PolicyService.Test", "PolicyService.Test\PolicyService.Test.csproj", "{5011AB83-A40D-4679-A54B-1A0E8CD6C3C9}"
EndProject
Project("{FAE04EC0-301F-11D3-BF4B-00C04F79EFBC}") = "ProductService", "ProductService\ProductService.csproj", "{9E6411AA-2714-4BBF-A1E3-2CF7DB8EF949}"
EndProject
Project("{FAE04EC0-301F-11D3-BF4B-00C04F79EFBC}") = "ProductService.Api", "ProductService.Api\ProductService.Api.csproj", "{2323CD9E-6E74-4566-BF37-5E152FF4385F}"
EndProject
Project("{FAE04EC0-301F-11D3-BF4B-00C04F79EFBC}") = "ProductService.Test", "ProductService.Test\ProductService.Test.csproj", "{17767232-495E-4EE8-9E27-E632ACF6680F}"
EndProject
Project("{FAE04EC0-301F-11D3-BF4B-00C04F79EFBC}") = "PricingService", "PricingService\PricingService.csproj", "{B81DBF32-7676-4466-911B-4E04FEB851C3}"
EndProject
Project("{FAE04EC0-301F-11D3-BF4B-00C04F79EFBC}") = "PricingService.Api", "PricingService.Api\PricingService.Api.csproj", "{2C7A3EF4-482C-4823-93D7-39074D49D5EE}"
EndProject
Project("{FAE04EC0-301F-11D3-BF4B-00C04F79EFBC}") = "PricingService.Test", "PricingService.Test\PricingService.Test.csproj", "{361081CF-D176-4547-8732-693E5B6186BF}"
EndProject
Project("{FAE04EC0-301F-11D3-BF4B-00C04F79EFBC}") = "AuthService", "AuthService\AuthService.csproj", "{8EC7BB56-4DB2-4CD7-912D-193340EF7A54}"
EndProject
Project("{FAE04EC0-301F-11D3-BF4B-00C04F79EFBC}") = "AuthService.Api", "AuthService.Api\AuthService.Api.csproj", "{C2ED020F-F247-4208-A689-15E35FB02865}"
EndProject
Project("{FAE04EC0-301F-11D3-BF4B-00C04F79EFBC}") = "AuthService.Test", "AuthService.Test\AuthService.Test.csproj", "{7A2FEB8C-198C-427D-8239-A178079C97BE}"
EndProject
Project("{FAE04EC0-301F-11D3-BF4B-00C04F79EFBC}") = "Agent Portal API Gateway", "Agent Portal API Gateway\Agent Portal API Gateway.csproj", "{3BEABCDD-D4F6-4D2C-A1D8-D1C3DF58056F}"
EndProject
Project("{FAE04EC0-301F-11D3-BF4B-00C04F79EFBC}") = "Agent Portal API Gateway.Api", "Agent Portal API Gateway.Api\Agent Portal API Gateway.Api.csproj", "{34BBA433-BAD8-4D20-A4E7-349C271FC900}"
EndProject
Project("{FAE04EC0-301F-11D3-BF4B-00C04F79EFBC}") = "Agent Portal API Gateway.Test", "Agent Portal API Gateway.Test\Agent Portal API Gateway.Test.csproj", "{DBA4C56C-5234-4BF7-8BAD-577F41F826C9}"
EndProject
Project("{FAE04EC0-301F-11D3-BF4B-00C04F79EFBC}") = "Frontend", "Frontend\Frontend.csproj", "{9EC6060E-0AF7-4617-8ABD-9672969A6063}"
EndProject
Project("{FAE04EC0-301F-11D3-BF4B-00C04F79EFBC}") = "Frontend.Api", "Frontend.Api\Frontend.Api.csproj", "{9960C927-5F0E-475B-8F65-CF0047D30B4A}"
EndProject
Project("{FAE04EC0-301F-11D3-BF4B-00C04F79EFBC}") = "Frontend.Test", "Frontend.Test\Frontend.Test.csproj", "{7E80B78D-90AA-4138-8E7C-23A88657C28D}"
EndProject
Global
	GlobalSection(SolutionConfigurationPlatforms) = preSolution
		Debug|Any CPU = Debug|Any CPU
		Release|Any CPU = Release|Any CPU
	EndGlobalSection
	GlobalSection(ProjectConfigurationPlatforms) = postSolution
		{66B90CFF-07CB-4E8C-9E9C-FB69495C57DA}.Debug|Any CPU.ActiveCfg = Debug|Any CPU
		{66B90CFF-07CB-4E8C-9E9C-FB69495C57DA}.Debug|Any CPU.Build.0 = Debug|Any CPU
		{66B90CFF-07CB-4E8C-9E9C-FB69495C57DA}.Release|Any CPU.ActiveCfg = Release|Any CPU
		{66B90CFF-07CB-4E8C-9E9C-FB69495C57DA}.Release|Any CPU.Build.0 = Release|Any CPU
		{ADDF727C-1CFA-4A67-A32A-A028E44A09D7}.Debug|Any CPU.ActiveCfg = Debug|Any CPU
		{ADDF727C-1CFA-4A67-A32A-A028E44A09D7}.Debug|Any CPU.Build.0 = Debug|Any CPU
		{ADDF727C-1CFA-4A67-A32A-A028E44A09D7}.Release|Any CPU.ActiveCfg = Release|Any CPU
		{ADDF727C-1CFA-4A67-A32A-A028E44A09D7}.Release|Any CPU.Build.0 = Release|Any CPU
		{9666F31D-3D76-4EF3-B0F8-75FF9A85E41E}.Debug|Any CPU.ActiveCfg = Debug|Any CPU
		{9666F31D-3D76-4EF3-B0F8-75FF9A85E41E}.Debug|Any CPU.Build.0 = Debug|Any CPU
		{9666F31D-3D76-4EF3-B0F8-75FF9A85E41E}.Release|Any CPU.ActiveCfg = Release|Any CPU
		{9666F31D-3D76-4EF3-B0F8-75FF9A85E41E}.Release|Any CPU.Build.0 = Release|Any CPU
		{446D4297-2A9B-4762-A63D-0AF14386A88E}.Debug|Any CPU.ActiveCfg = Debug|Any CPU
		{446D4297-2A9B-4762-A63D-0AF14386A88E}.Debug|Any CPU.Build.0 = Debug|Any CPU
		{446D4297-2A9B-4762-A63D-0AF14386A88E}.Release|Any CPU.ActiveCfg = Release|Any CPU
		{446D4297-2A9B-4762-A63D-0AF14386A88E}.Release|Any CPU.Build.0 = Release|Any CPU
		{E3D1FEF6-2A94-4767-8DB3-38E6B87418C4}.Debug|Any CPU.ActiveCfg = Debug|Any CPU
		{E3D1FEF6-2A94-4767-8DB3-38E6B87418C4}.Debug|Any CPU.Build.0 = Debug|Any CPU
		{E3D1FEF6-2A94-4767-8DB3-38E6B87418C4}.Release|Any CPU.ActiveCfg = Release|Any CPU
		{E3D1FEF6-2A94-4767-8DB3-38E6B87418C4}.Release|Any CPU.Build.0 = Release|Any CPU
		{13C0470D-E690-453D-A13C-06F29E0E6DFB}.Debug|Any CPU.ActiveCfg = Debug|Any CPU
		{13C0470D-E690-453D-A13C-06F29E0E6DFB}.Debug|Any CPU.Build.0 = Debug|Any CPU
		{13C0470D-E690-453D-A13C-06F29E0E6DFB}.Release|Any CPU.ActiveCfg = Release|Any CPU
		{13C0470D-E690-453D-A13C-06F29E0E6DFB}.Release|Any CPU.Build.0 = Release|Any CPU
		{26C724AC-F707-49DA-8853-94F61EAF8E51}.Debug|Any CPU.ActiveCfg = Debug|Any CPU
		{26C724AC-F707-49DA-8853-94F61EAF8E51}.Debug|Any CPU.Build.0 = Debug|Any CPU
		{26C724AC-F707-49DA-8853-94F61EAF8E51}.Release|Any CPU.ActiveCfg = Release|Any CPU
		{26C724AC-F707-49DA-8853-94F61EAF8E51}.Release|Any CPU.Build.0 = Release|Any CPU
		{11ADC183-CF64-4B94-A2C3-DEDCAFC84010}.Debug|Any CPU.ActiveCfg = Debug|Any CPU
		{11ADC183-CF64-4B94-A2C3-DEDCAFC84010}.Debug|Any CPU.Build.0 = Debug|Any CPU
		{11ADC183-CF64-4B94-A2C3-DEDCAFC84010}.Release|Any CPU.ActiveCfg = Release|Any CPU
		{11ADC183-CF64-4B94-A2C3-DEDCAFC84010}.Release|Any CPU.Build.0 = Release|Any CPU
		{2AB7BCEE-C434-4B86-85E4-EDBF4B7EED73}.Debug|Any CPU.ActiveCfg = Debug|Any CPU
		{2AB7BCEE-C434-4B86-85E4-EDBF4B7EED73}.Debug|Any CPU.Build.0 = Debug|Any CPU
		{2AB7BCEE-C434-4B86-85E4-EDBF4B7EED73}.Release|Any CPU.ActiveCfg = Release|Any CPU
		{2AB7BCEE-C434-4B86-85E4-EDBF4B7EED73}.Release|Any CPU.Build.0 = Release|Any CPU
		{82AC57D3-AD3B-4FA9-881F-D22DD64530D1}.Debug|Any CPU.ActiveCfg = Debug|Any CPU
		{82AC57D3-AD3B-4FA9-881F-D22DD64530D1}.Debug|Any CPU.Build.0 = Debug|Any CPU
		{82AC57D3-AD3B-4FA9-881F-D22DD64530D1}.Release|Any CPU.ActiveCfg = Release|Any CPU
		{82AC57D3-AD3B-4FA9-881F-D22DD64530D1}.Release|Any CPU.Build.0 = Release|Any CPU
		{01902560-B387-4D78-B47B-16E46D506286}.Debug|Any CPU.ActiveCfg = Debug|Any CPU
		{01902560-B387-4D78-B47B-16E46D506286}.Debug|Any CPU.Build.0 = Debug|Any CPU
		{01902560-B387-4D78-B47B-16E46D506286}.Release|Any CPU.ActiveCfg = Release|Any CPU
		{01902560-B387-4D78-B47B-16E46D506286}.Release|Any CPU.Build.0 = Release|Any CPU
		{763F8F01-E94E-49B5-AA43-4584DB26283F}.Debug|Any CPU.ActiveCfg = Debug|Any CPU
		{763F8F01-E94E-49B5-AA43-4584DB26283F}.Debug|Any CPU.Build.0 = Debug|Any CPU
		{763F8F01-E94E-49B5-AA43-4584DB26283F}.Release|Any CPU.ActiveCfg = Release|Any CPU
		{763F8F01-E94E-49B5-AA43-4584DB26283F}.Release|Any CPU.Build.0 = Release|Any CPU
		{18683FA4-1C78-4214-9866-2C1565573136}.Debug|Any CPU.ActiveCfg = Debug|Any CPU
		{18683FA4-1C78-4214-9866-2C1565573136}.Debug|Any CPU.Build.0 = Debug|Any CPU
		{18683FA4-1C78-4214-9866-2C1565573136}.Release|Any CPU.ActiveCfg = Release|Any CPU
		{18683FA4-1C78-4214-9866-2C1565573136}.Release|Any CPU.Build.0 = Release|Any CPU
		{F26742C7-52FC-4569-A75A-4FA809D146E2}.Debug|Any CPU.ActiveCfg = Debug|Any CPU
		{F26742C7-52FC-4569-A75A-4FA809D146E2}.Debug|Any CPU.Build.0 = Debug|Any CPU
		{F26742C7-52FC-4569-A75A-4FA809D146E2}.Release|Any CPU.ActiveCfg = Release|Any CPU
		{F26742C7-52FC-4569-A75A-4FA809D146E2}.Release|Any CPU.Build.0 = Release|Any CPU
		{5011AB83-A40D-4679-A54B-1A0E8CD6C3C9}.Debug|Any CPU.ActiveCfg = Debug|Any CPU
		{5011AB83-A40D-4679-A54B-1A0E8CD6C3C9}.Debug|Any CPU.Build.0 = Debug|Any CPU
		{5011AB83-A40D-4679-A54B-1A0E8CD6C3C9}.Release|Any CPU.ActiveCfg = Release|Any CPU
		{5011AB83-A40D-4679-A54B-1A0E8CD6C3C9}.Release|Any CPU.Build.0 = Release|Any CPU
		{9E6411AA-2714-4BBF-A1E3-2CF7DB8EF949}.Debug|Any CPU.ActiveCfg = Debug|Any CPU
		{9E6411AA-2714-4BBF-A1E3-2CF7DB8EF949}.Debug|Any CPU.Build.0 = Debug|Any CPU
		{9E6411AA-2714-4BBF-A1E3-2CF7DB8EF949}.Release|Any CPU.ActiveCfg = Release|Any CPU
		{9E6411AA-2714-4BBF-A1E3-2CF7DB8EF949}.Release|Any CPU.Build.0 = Release|Any CPU
		{2323CD9E-6E74-4566-BF37-5E152FF4385F}.Debug|Any CPU.ActiveCfg = Debug|Any CPU
		{2323CD9E-6E74-4566-BF37-5E152FF4385F}.Debug|Any CPU.Build.0 = Debug|Any CPU
		{2323CD9E-6E74-4566-BF37-5E152FF4385F}.Release|Any CPU.ActiveCfg = Release|Any CPU
		{2323CD9E-6E74-4566-BF37-5E152FF4385F}.Release|Any CPU.Build.0 = Release|Any CPU
		{17767232-495E-4EE8-9E27-E632ACF6680F}.Debug|Any CPU.ActiveCfg = Debug|Any CPU
		{17767232-495E-4EE8-9E27-E632ACF6680F}.Debug|Any CPU.Build.0 = Debug|Any CPU
		{17767232-495E-4EE8-9E27-E632ACF6680F}.Release|Any CPU.ActiveCfg = Release|Any CPU
		{17767232-495E-4EE8-9E27-E632ACF6680F}.Release|Any CPU.Build.0 = Release|Any CPU
		{B81DBF32-7676-4466-911B-4E04FEB851C3}.Debug|Any CPU.ActiveCfg = Debug|Any CPU
		{B81DBF32-7676-4466-911B-4E04FEB851C3}.Debug|Any CPU.Build.0 = Debug|Any CPU
		{B81DBF32-7676-4466-911B-4E04FEB851C3}.Release|Any CPU.ActiveCfg = Release|Any CPU
		{B81DBF32-7676-4466-911B-4E04FEB851C3}.Release|Any CPU.Build.0 = Release|Any CPU
		{2C7A3EF4-482C-4823-93D7-39074D49D5EE}.Debug|Any CPU.ActiveCfg = Debug|Any CPU
		{2C7A3EF4-482C-4823-93D7-39074D49D5EE}.Debug|Any CPU.Build.0 = Debug|Any CPU
		{2C7A3EF4-482C-4823-93D7-39074D49D5EE}.Release|Any CPU.ActiveCfg = Release|Any CPU
		{2C7A3EF4-482C-4823-93D7-39074D49D5EE}.Release|Any CPU.Build.0 = Release|Any CPU
		{361081CF-D176-4547-8732-693E5B6186BF}.Debug|Any CPU.ActiveCfg = Debug|Any CPU
		{361081CF-D176-4547-8732-693E5B6186BF}.Debug|Any CPU.Build.0 = Debug|Any CPU
		{361081CF-D176-4547-8732-693E5B6186BF}.Release|Any CPU.ActiveCfg = Release|Any CPU
		{361081CF-D176-4547-8732-693E5B6186BF}.Release|Any CPU.Build.0 = Release|Any CPU
		{8EC7BB56-4DB2-4CD7-912D-193340EF7A54}.Debug|Any CPU.ActiveCfg = Debug|Any CPU
		{8EC7BB56-4DB2-4CD7-912D-193340EF7A54}.Debug|Any CPU.Build.0 = Debug|Any CPU
		{8EC7BB56-4DB2-4CD7-912D-193340EF7A54}.Release|Any CPU.ActiveCfg = Release|Any CPU
		{8EC7BB56-4DB2-4CD7-912D-193340EF7A54}.Release|Any CPU.Build.0 = Release|Any CPU
		{C2ED020F-F247-4208-A689-15E35FB02865}.Debug|Any CPU.ActiveCfg = Debug|Any CPU
		{C2ED020F-F247-4208-A689-15E35FB02865}.Debug|Any CPU.Build.0 = Debug|Any CPU
		{C2ED020F-F247-4208-A689-15E35FB02865}.Release|Any CPU.ActiveCfg = Release|Any CPU
		{C2ED020F-F247-4208-A689-15E35FB02865}.Release|Any CPU.Build.0 = Release|Any CPU
		{7A2FEB8C-198C-427D-8239-A178079C97BE}.Debug|Any CPU.ActiveCfg = Debug|Any CPU
		{7A2FEB8C-198C-427D-8239-A178079C97BE}.Debug|Any CPU.Build.0 = Debug|Any CPU
		{7A2FEB8C-198C-427D-8239-A178079C97BE}.Release|Any CPU.ActiveCfg = Release|Any CPU
		{7A2FEB8C-198C-427D-8239-A178079C97BE}.Release|Any CPU.Build.0 = Release|Any CPU
		{3BEABCDD-D4F6-4D2C-A1D8-D1C3DF58056F}.Debug|Any CPU.ActiveCfg = Debug|Any CPU
		{3BEABCDD-D4F6-4D2C-A1D8-D1C3DF58056F}.Debug|Any CPU.Build.0 = Debug|Any CPU
		{3BEABCDD-D4F6-4D2C-A1D8-D1C3DF58056F}.Release|Any CPU.ActiveCfg = Release|Any CPU
		{3BEABCDD-D4F6-4D2C-A1D8-D1C3DF58056F}.Release|Any CPU.Build.0 = Release|Any CPU
		{34BBA433-BAD8-4D20-A4E7-349C271FC900}.Debug|Any CPU.ActiveCfg = Debug|Any CPU
		{34BBA433-BAD8-4D20-A4E7-349C271FC900}.Debug|Any CPU.Build.0 = Debug|Any CPU
		{34BBA433-BAD8-4D20-A4E7-349C271FC900}.Release|Any CPU.ActiveCfg = Release|Any CPU
		{34BBA433-BAD8-4D20-A4E7-349C271FC900}.Release|Any CPU.Build.0 = Release|Any CPU
		{DBA4C56C-5234-4BF7-8BAD-577F41F826C9}.Debug|Any CPU.ActiveCfg = Debug|Any CPU
		{DBA4C56C-5234-4BF7-8BAD-577F41F826C9}.Debug|Any CPU.Build.0 = Debug|Any CPU
		{DBA4C56C-5234-4BF7-8BAD-577F41F826C9}.Release|Any CPU.ActiveCfg = Release|Any CPU
		{DBA4C56C-5234-4BF7-8BAD-577F41F826C9}.Release|Any CPU.Build.0 = Release|Any CPU
		{9EC6060E-0AF7-4617-8ABD-9672969A6063}.Debug|Any CPU.ActiveCfg = Debug|Any CPU
		{9EC6060E-0AF7-4617-8ABD-9672969A6063}.Debug|Any CPU.Build.0 = Debug|Any CPU
		{9EC6060E-0AF7-4617-8ABD-9672969A6063}.Release|Any CPU.ActiveCfg = Release|Any CPU
		{9EC6060E-0AF7-4617-8ABD-9672969A6063}.Release|Any CPU.Build.0 = Release|Any CPU
		{9960C927-5F0E-475B-8F65-CF0047D30B4A}.Debug|Any CPU.ActiveCfg = Debug|Any CPU
		{9960C927-5F0E-475B-8F65-CF0047D30B4A}.Debug|Any CPU.Build.0 = Debug|Any CPU
		{9960C927-5F0E-475B-8F65-CF0047D30B4A}.Release|Any CPU.ActiveCfg = Release|Any CPU
		{9960C927-5F0E-475B-8F65-CF0047D30B4A}.Release|Any CPU.Build.0 = Release|Any CPU
		{7E80B78D-90AA-4138-8E7C-23A88657C28D}.Debug|Any CPU.ActiveCfg = Debug|Any CPU
		{7E80B78D-90AA-4138-8E7C-23A88657C28D}.Debug|Any CPU.Build.0 = Debug|Any CPU
		{7E80B78D-90AA-4138-8E7C-23A88657C28D}.Release|Any CPU.ActiveCfg = Release|Any CPU
		{7E80B78D-90AA-4138-8E7C-23A88657C28D}.Release|Any CPU.Build.0 = Release|Any CPU
	EndGlobalSection
	GlobalSection(SolutionProperties) = preSolution
		HideSolutionNode = FALSE
	EndGlobalSection
	GlobalSection(NestedProjects) = preSolution
		{66B90CFF-07CB-4E8C-9E9C-FB69495C57DA} = {B7FBC942-04FE-4E47-9387-E953945923BF}
		{ADDF727C-1CFA-4A67-A32A-A028E44A09D7} = {B7FBC942-04FE-4E47-9387-E953945923BF}
		{9666F31D-3D76-4EF3-B0F8-75FF9A85E41E} = {B7FBC942-04FE-4E47-9387-E953945923BF}
		{446D4297-2A9B-4762-A63D-0AF14386A88E} = {5469D2A0-870B-4AC1-86D6-1279BE8BBE4B}
		{E3D1FEF6-2A94-4767-8DB3-38E6B87418C4} = {5469D2A0-870B-4AC1-86D6-1279BE8BBE4B}
		{13C0470D-E690-453D-A13C-06F29E0E6DFB} = {5469D2A0-870B-4AC1-86D6-1279BE8BBE4B}
		{26C724AC-F707-49DA-8853-94F61EAF8E51} = {02EA681E-C7D8-13C7-8484-4AC65E1B71E8}
		{11ADC183-CF64-4B94-A2C3-DEDCAFC84010} = {02EA681E-C7D8-13C7-8484-4AC65E1B71E8}
		{2AB7BCEE-C434-4B86-85E4-EDBF4B7EED73} = {02EA681E-C7D8-13C7-8484-4AC65E1B71E8}
		{82AC57D3-AD3B-4FA9-881F-D22DD64530D1} = {23CA5545-9720-4EFA-AFFD-BB87CD161D62}
		{01902560-B387-4D78-B47B-16E46D506286} = {23CA5545-9720-4EFA-AFFD-BB87CD161D62}
		{763F8F01-E94E-49B5-AA43-4584DB26283F} = {23CA5545-9720-4EFA-AFFD-BB87CD161D62}
		{18683FA4-1C78-4214-9866-2C1565573136} = {720A06BD-7234-41DE-84C3-F6926EEF12E1}
		{F26742C7-52FC-4569-A75A-4FA809D146E2} = {720A06BD-7234-41DE-84C3-F6926EEF12E1}
		{5011AB83-A40D-4679-A54B-1A0E8CD6C3C9} = {720A06BD-7234-41DE-84C3-F6926EEF12E1}
		{9E6411AA-2714-4BBF-A1E3-2CF7DB8EF949} = {EE4926DF-622F-40F3-A3CA-BA8B264ECC6E}
		{2323CD9E-6E74-4566-BF37-5E152FF4385F} = {EE4926DF-622F-40F3-A3CA-BA8B264ECC6E}
		{17767232-495E-4EE8-9E27-E632ACF6680F} = {EE4926DF-622F-40F3-A3CA-BA8B264ECC6E}
		{B81DBF32-7676-4466-911B-4E04FEB851C3} = {921E2715-5910-4A8C-9AC1-4568077F97F8}
		{2C7A3EF4-482C-4823-93D7-39074D49D5EE} = {921E2715-5910-4A8C-9AC1-4568077F97F8}
		{361081CF-D176-4547-8732-693E5B6186BF} = {921E2715-5910-4A8C-9AC1-4568077F97F8}
		{8EC7BB56-4DB2-4CD7-912D-193340EF7A54} = {2961ADE7-A21B-440F-94A6-0A97F25A8419}
		{C2ED020F-F247-4208-A689-15E35FB02865} = {2961ADE7-A21B-440F-94A6-0A97F25A8419}
		{7A2FEB8C-198C-427D-8239-A178079C97BE} = {2961ADE7-A21B-440F-94A6-0A97F25A8419}
		{3BEABCDD-D4F6-4D2C-A1D8-D1C3DF58056F} = {9E3FB8F3-E1CF-44E2-BA2A-2FE787182741}
		{34BBA433-BAD8-4D20-A4E7-349C271FC900} = {9E3FB8F3-E1CF-44E2-BA2A-2FE787182741}
		{DBA4C56C-5234-4BF7-8BAD-577F41F826C9} = {9E3FB8F3-E1CF-44E2-BA2A-2FE787182741}
		{9EC6060E-0AF7-4617-8ABD-9672969A6063} = {CFEC97B7-6719-43A9-A273-4EF4FE3E1AFD}
		{9960C927-5F0E-475B-8F65-CF0047D30B4A} = {CFEC97B7-6719-43A9-A273-4EF4FE3E1AFD}
		{7E80B78D-90AA-4138-8E7C-23A88657C28D} = {CFEC97B7-6719-43A9-A273-4EF4FE3E1AFD}
	EndGlobalSection
	GlobalSection(ExtensibilityGlobals) = postSolution
		SolutionGuid = {8C26B45A-81EE-4050-9ABD-CBAEE345490D}
	EndGlobalSection
EndGlobal
