
Microsoft Visual Studio Solution File, Format Version 12.00
# Visual Studio Version 17
VisualStudioVersion = 17.14.36908.2
MinimumVisualStudioVersion = 10.0.40219.1
Project("{2150E333-8FDC-42A3-9474-1A3956D46DE8}") = "PaymentService", "PaymentService", "{02EA681E-C7D8-13C7-8484-4AC65E1B71E8}"
EndProject
Project("{2150E333-8FDC-42A3-9474-1A3956D46DE8}") = "PricingService", "PricingService", "{921E2715-5910-4A8C-9AC1-4568077F97F8}"
	ProjectSection(SolutionItems) = preProject
		F:\Work\PricingService\appsettings.Development.json = F:\Work\PricingService\appsettings.Development.json
		F:\Work\PricingService\appsettings.docker.json = F:\Work\PricingService\appsettings.docker.json
		F:\Work\PricingService\appsettings.json = F:\Work\PricingService\appsettings.json
		F:\Work\PricingService\Dockerfile = F:\Work\PricingService\Dockerfile
		F:\Work\PricingService\PricingService.csproj = F:\Work\PricingService\PricingService.csproj
		F:\Work\PricingService\Program.cs = F:\Work\PricingService\Program.cs
		F:\Work\PricingService\Startup.cs = F:\Work\PricingService\Startup.cs
	EndProjectSection
EndProject
Project("{2150E333-8FDC-42A3-9474-1A3956D46DE8}") = "ProductService", "ProductService", "{EE4926DF-622F-40F3-A3CA-BA8B264ECC6E}"
EndProject
Project("{2150E333-8FDC-42A3-9474-1A3956D46DE8}") = "PolicyService", "PolicyService", "{720A06BD-7234-41DE-84C3-F6926EEF12E1}"
EndProject
Project("{2150E333-8FDC-42A3-9474-1A3956D46DE8}") = "DocumentsService", "DocumentsService", "{5469D2A0-870B-4AC1-86D6-1279BE8BBE4B}"
EndProject
Project("{2150E333-8FDC-42A3-9474-1A3956D46DE8}") = "PolicySearchService", "PolicySearchService", "{23CA5545-9720-4EFA-AFFD-BB87CD161D62}"
EndProject
Project("{2150E333-8FDC-42A3-9474-1A3956D46DE8}") = "Auth Service", "Auth Service", "{2961ADE7-A21B-440F-94A6-0A97F25A8419}"
EndProject
Project("{2150E333-8FDC-42A3-9474-1A3956D46DE8}") = "Chat Service", "Chat Service", "{B7FBC942-04FE-4E47-9387-E953945923BF}"
EndProject
Project("{2150E333-8FDC-42A3-9474-1A3956D46DE8}") = "Agent Portal API Gateway", "Agent Portal API Gateway", "{9E3FB8F3-E1CF-44E2-BA2A-2FE787182741}"
EndProject
Project("{2150E333-8FDC-42A3-9474-1A3956D46DE8}") = "Frontend", "Frontend", "{CFEC97B7-6719-43A9-A273-4EF4FE3E1AFD}"
EndProject
Project("{FAE04EC0-301F-11D3-BF4B-00C04F79EFBC}") = "Chat Service", "Chat Service\Chat Service.csproj", "{66B90CFF-07CB-4E8C-9E9C-FB69495C57DA}"
EndProject
Project("{FAE04EC0-301F-11D3-BF4B-00C04F79EFBC}") = "Chat Service.Api", "Chat Service.Api\Chat Service.Api.csproj", "{ADDF727C-1CFA-4A67-A32A-A028E44A09D7}"
EndProject
Project("{FAE04EC0-301F-11D3-BF4B-00C04F79EFBC}") = "Chat Service.Test", "Chat Service.Test\Chat Service.Test.csproj", "{9666F31D-3D76-4EF3-B0F8-75FF9A85E41E}"
EndProject
Project("{FAE04EC0-301F-11D3-BF4B-00C04F79EFBC}") = "DocumentsService", "DocumentsService\DocumentsService.csproj", "{446D4297-2A9B-4762-A63D-0AF14386A88E}"
EndProject
Project("{FAE04EC0-301F-11D3-BF4B-00C04F79EFBC}") = "DocumentsService.Api", "DocumentsService.Api\DocumentsService.Api.csproj", "{E3D1FEF6-2A94-4767-8DB3-38E6B87418C4}"
EndProject
Project("{FAE04EC0-301F-11D3-BF4B-00C04F79EFBC}") = "DocumentsService.Test", "DocumentsService.Test\DocumentsService.Test.csproj", "{13C0470D-E690-453D-A13C-06F29E0E6DFB}"
EndProject
Project("{FAE04EC0-301F-11D3-BF4B-00C04F79EFBC}") = "PaymentService.Api", "PaymentService.Api\PaymentService.Api.csproj", "{11ADC183-CF64-4B94-A2C3-DEDCAFC84010}"
EndProject
Project("{FAE04EC0-301F-11D3-BF4B-00C04F79EFBC}") = "PaymentService.Test", "PaymentService.Test\PaymentService.Test.csproj", "{2AB7BCEE-C434-4B86-85E4-EDBF4B7EED73}"
EndProject
Project("{FAE04EC0-301F-11D3-BF4B-00C04F79EFBC}") = "PolicySearchService", "PolicySearchService\PolicySearchService.csproj", "{82AC57D3-AD3B-4FA9-881F-D22DD64530D1}"
EndProject
Project("{FAE04EC0-301F-11D3-BF4B-00C04F79EFBC}") = "PolicySearchService.Api", "PolicySearchService.Api\PolicySearchService.Api.csproj", "{01902560-B387-4D78-B47B-16E46D506286}"
EndProject
Project("{FAE04EC0-301F-11D3-BF4B-00C04F79EFBC}") = "PolicySearchService.Test", "PolicySearchService.Test\PolicySearchService.Test.csproj", "{763F8F01-E94E-49B5-AA43-4584DB26283F}"
EndProject
Project("{FAE04EC0-301F-11D3-BF4B-00C04F79EFBC}") = "PolicyService", "PolicyService\PolicyService.csproj", "{18683FA4-1C78-4214-9866-2C1565573136}"
EndProject
Project("{FAE04EC0-301F-11D3-BF4B-00C04F79EFBC}") = "PolicyService.Api", "PolicyService.Api\PolicyService.Api.csproj", "{F26742C7-52FC-4569-A75A-4FA809D146E2}"
EndProject
Project("{FAE04EC0-301F-11D3-BF4B-00C04F79EFBC}") = "PolicyService.Test", "PolicyService.Test\PolicyService.Test.csproj", "{5011AB83-A40D-4679-A54B-1A0E8CD6C3C9}"
EndProject
Project("{FAE04EC0-301F-11D3-BF4B-00C04F79EFBC}") = "ProductService", "ProductService\ProductService.csproj", "{9E6411AA-2714-4BBF-A1E3-2CF7DB8EF949}"
EndProject
Project("{FAE04EC0-301F-11D3-BF4B-00C04F79EFBC}") = "ProductService.Api", "ProductService.Api\ProductService.Api.csproj", "{2323CD9E-6E74-4566-BF37-5E152FF4385F}"
EndProject
Project("{FAE04EC0-301F-11D3-BF4B-00C04F79EFBC}") = "ProductService.Test", "ProductService.Test\ProductService.Test.csproj", "{17767232-495E-4EE8-9E27-E632ACF6680F}"
EndProject
Project("{FAE04EC0-301F-11D3-BF4B-00C04F79EFBC}") = "AuthService", "AuthService\AuthService.csproj", "{8EC7BB56-4DB2-4CD7-912D-193340EF7A54}"
EndProject
Project("{FAE04EC0-301F-11D3-BF4B-00C04F79EFBC}") = "AuthService.Api", "AuthService.Api\AuthService.Api.csproj", "{C2ED020F-F247-4208-A689-15E35FB02865}"
EndProject
Project("{FAE04EC0-301F-11D3-BF4B-00C04F79EFBC}") = "AuthService.Test", "AuthService.Test\AuthService.Test.csproj", "{7A2FEB8C-198C-427D-8239-A178079C97BE}"
EndProject
Project("{FAE04EC0-301F-11D3-BF4B-00C04F79EFBC}") = "Agent Portal API Gateway", "Agent Portal API Gateway\Agent Portal API Gateway.csproj", "{3BEABCDD-D4F6-4D2C-A1D8-D1C3DF58056F}"
EndProject
Project("{FAE04EC0-301F-11D3-BF4B-00C04F79EFBC}") = "Agent Portal API Gateway.Api", "Agent Portal API Gateway.Api\Agent Portal API Gateway.Api.csproj", "{34BBA433-BAD8-4D20-A4E7-349C271FC900}"
EndProject
Project("{FAE04EC0-301F-11D3-BF4B-00C04F79EFBC}") = "Agent Portal API Gateway.Test", "Agent Portal API Gateway.Test\Agent Portal API Gateway.Test.csproj", "{DBA4C56C-5234-4BF7-8BAD-577F41F826C9}"
EndProject
Project("{FAE04EC0-301F-11D3-BF4B-00C04F79EFBC}") = "Frontend", "Frontend\Frontend.csproj", "{9EC6060E-0AF7-4617-8ABD-9672969A6063}"
EndProject
Project("{FAE04EC0-301F-11D3-BF4B-00C04F79EFBC}") = "Frontend.Api", "Frontend.Api\Frontend.Api.csproj", "{9960C927-5F0E-475B-8F65-CF0047D30B4A}"
EndProject
Project("{FAE04EC0-301F-11D3-BF4B-00C04F79EFBC}") = "Frontend.Test", "Frontend.Test\Frontend.Test.csproj", "{7E80B78D-90AA-4138-8E7C-23A88657C28D}"
EndProject
Project("{2150E333-8FDC-42A3-9474-1A3956D46DE8}") = "postgres", "postgres", "{4D17D7F3-0BEB-4B60-89BD-C9EF4A0EB7A1}"
	ProjectSection(SolutionItems) = preProject
		..\..\..\..\Downloads\postgres\createdatabases.sql = ..\..\..\..\Downloads\postgres\createdatabases.sql
		..\..\..\..\Downloads\postgres\Dockerfile = ..\..\..\..\Downloads\postgres\Dockerfile
	EndProjectSection
EndProject
Project("{2150E333-8FDC-42A3-9474-1A3956D46DE8}") = "Web", "Web", "{E103EFF2-E88A-4256-8D6A-29A66EB43640}"
	ProjectSection(SolutionItems) = preProject
		..\..\..\..\Downloads\Web\.dockerignore = ..\..\..\..\Downloads\Web\.dockerignore
		..\..\..\..\Downloads\Web\.env-example = ..\..\..\..\Downloads\Web\.env-example
		..\..\..\..\Downloads\Web\.gitignore = ..\..\..\..\Downloads\Web\.gitignore
		..\..\..\..\Downloads\Web\babel.config.js = ..\..\..\..\Downloads\Web\babel.config.js
		..\..\..\..\Downloads\Web\Dockerfile = ..\..\..\..\Downloads\Web\Dockerfile
		..\..\..\..\Downloads\Web\nginx.conf = ..\..\..\..\Downloads\Web\nginx.conf
		..\..\..\..\Downloads\Web\package-lock.json = ..\..\..\..\Downloads\Web\package-lock.json
		..\..\..\..\Downloads\Web\package.json = ..\..\..\..\Downloads\Web\package.json
		..\..\..\..\Downloads\Web\README.md = ..\..\..\..\Downloads\Web\README.md
		..\..\..\..\Downloads\Web\yarn.lock = ..\..\..\..\Downloads\Web\yarn.lock
	EndProjectSection
EndProject
Project("{2150E333-8FDC-42A3-9474-1A3956D46DE8}") = "public", "public", "{C09E3269-72A8-442B-BA6A-DA69C6F1D330}"
	ProjectSection(SolutionItems) = preProject
		..\..\..\..\Downloads\Web\public\favicon.ico = ..\..\..\..\Downloads\Web\public\favicon.ico
		..\..\..\..\Downloads\Web\public\index.html = ..\..\..\..\Downloads\Web\public\index.html
	EndProjectSection
EndProject
Project("{2150E333-8FDC-42A3-9474-1A3956D46DE8}") = "static", "static", "{3FF04082-2217-41D2-B0EE-18993E63CE49}"
	ProjectSection(SolutionItems) = preProject
		..\..\..\..\Downloads\Web\public\static\car.jpg = ..\..\..\..\Downloads\Web\public\static\car.jpg
		..\..\..\..\Downloads\Web\public\static\farm.jpg = ..\..\..\..\Downloads\Web\public\static\farm.jpg
		..\..\..\..\Downloads\Web\public\static\house.jpg = ..\..\..\..\Downloads\Web\public\static\house.jpg
		..\..\..\..\Downloads\Web\public\static\travel.jpg = ..\..\..\..\Downloads\Web\public\static\travel.jpg
	EndProjectSection
EndProject
Project("{2150E333-8FDC-42A3-9474-1A3956D46DE8}") = "avatars", "avatars", "{69F90C25-BF98-463B-B6AF-DAA0E67E260B}"
	ProjectSection(SolutionItems) = preProject
		..\..\..\..\Downloads\Web\public\static\avatars\admin.png = ..\..\..\..\Downloads\Web\public\static\avatars\admin.png
		..\..\..\..\Downloads\Web\public\static\avatars\agent1.png = ..\..\..\..\Downloads\Web\public\static\avatars\agent1.png
		..\..\..\..\Downloads\Web\public\static\avatars\danny_solid.png = ..\..\..\..\Downloads\Web\public\static\avatars\danny_solid.png
		..\..\..\..\Downloads\Web\public\static\avatars\jimmy_solid.png = ..\..\..\..\Downloads\Web\public\static\avatars\jimmy_solid.png
	EndProjectSection
EndProject
Project("{2150E333-8FDC-42A3-9474-1A3956D46DE8}") = "src", "src", "{F4DD91B0-7BDA-44C0-BECF-76385D6E04B9}"
	ProjectSection(SolutionItems) = preProject
		..\..\..\..\Downloads\Web\src\App.vue = ..\..\..\..\Downloads\Web\src\App.vue
		..\..\..\..\Downloads\Web\src\main.js = ..\..\..\..\Downloads\Web\src\main.js
		..\..\..\..\Downloads\Web\src\router.js = ..\..\..\..\Downloads\Web\src\router.js
	EndProjectSection
EndProject
Project("{2150E333-8FDC-42A3-9474-1A3956D46DE8}") = "components", "components", "{A9D02732-CFBA-41DE-B409-79A7ACCFAE2B}"
	ProjectSection(SolutionItems) = preProject
		..\..\..\..\Downloads\Web\src\components\Account.vue = ..\..\..\..\Downloads\Web\src\components\Account.vue
		..\..\..\..\Downloads\Web\src\components\Chat.vue = ..\..\..\..\Downloads\Web\src\components\Chat.vue
		..\..\..\..\Downloads\Web\src\components\Chatbot.vue = ..\..\..\..\Downloads\Web\src\components\Chatbot.vue
		..\..\..\..\Downloads\Web\src\components\CoverList.vue = ..\..\..\..\Downloads\Web\src\components\CoverList.vue
		..\..\..\..\Downloads\Web\src\components\Dashboard.vue = ..\..\..\..\Downloads\Web\src\components\Dashboard.vue
		..\..\..\..\Downloads\Web\src\components\Home.vue = ..\..\..\..\Downloads\Web\src\components\Home.vue
		..\..\..\..\Downloads\Web\src\components\PolicyCreate.vue = ..\..\..\..\Downloads\Web\src\components\PolicyCreate.vue
		..\..\..\..\Downloads\Web\src\components\PolicyDetails.vue = ..\..\..\..\Downloads\Web\src\components\PolicyDetails.vue
		..\..\..\..\Downloads\Web\src\components\PolicyList.vue = ..\..\..\..\Downloads\Web\src\components\PolicyList.vue
		..\..\..\..\Downloads\Web\src\components\ProductCard.vue = ..\..\..\..\Downloads\Web\src\components\ProductCard.vue
		..\..\..\..\Downloads\Web\src\components\ProductDetails.vue = ..\..\..\..\Downloads\Web\src\components\ProductDetails.vue
		..\..\..\..\Downloads\Web\src\components\ProductList.vue = ..\..\..\..\Downloads\Web\src\components\ProductList.vue
		..\..\..\..\Downloads\Web\src\components\SalesAgents.vue = ..\..\..\..\Downloads\Web\src\components\SalesAgents.vue
		..\..\..\..\Downloads\Web\src\components\SalesBar.js = ..\..\..\..\Downloads\Web\src\components\SalesBar.js
		..\..\..\..\Downloads\Web\src\components\SalesDistribution.vue = ..\..\..\..\Downloads\Web\src\components\SalesDistribution.vue
		..\..\..\..\Downloads\Web\src\components\SalesLines.js = ..\..\..\..\Downloads\Web\src\components\SalesLines.js
		..\..\..\..\Downloads\Web\src\components\SalesPie.js = ..\..\..\..\Downloads\Web\src\components\SalesPie.js
		..\..\..\..\Downloads\Web\src\components\SalesTrendsLines.vue = ..\..\..\..\Downloads\Web\src\components\SalesTrendsLines.vue
		..\..\..\..\Downloads\Web\src\components\TotalSalesCard.vue = ..\..\..\..\Downloads\Web\src\components\TotalSalesCard.vue
	EndProjectSection
EndProject
Project("{2150E333-8FDC-42A3-9474-1A3956D46DE8}") = "http", "http", "{9E97C29B-4C34-4C62-9981-220D2BF1A80C}"
	ProjectSection(SolutionItems) = preProject
		..\..\..\..\Downloads\Web\src\components\http\ApiClient.js = ..\..\..\..\Downloads\Web\src\components\http\ApiClient.js
		..\..\..\..\Downloads\Web\src\components\http\Auth.js = ..\..\..\..\Downloads\Web\src\components\http\Auth.js
		..\..\..\..\Downloads\Web\src\components\http\WebSocket.js = ..\..\..\..\Downloads\Web\src\components\http\WebSocket.js
	EndProjectSection
EndProject
Project("{2150E333-8FDC-42A3-9474-1A3956D46DE8}") = "assets", "assets", "{5BD7EF62-CDDF-48C3-9038-2C386B3D1C45}"
	ProjectSection(SolutionItems) = preProject
		..\..\..\..\Downloads\Web\src\assets\logo.png = ..\..\..\..\Downloads\Web\src\assets\logo.png
		..\..\..\..\Downloads\Web\src\assets\logo_horizontal.png = ..\..\..\..\Downloads\Web\src\assets\logo_horizontal.png
	EndProjectSection
EndProject
Project("{2150E333-8FDC-42A3-9474-1A3956D46DE8}") = "views", "views", "{0A77E06F-239E-4272-A853-1017397D1828}"
	ProjectSection(SolutionItems) = preProject
		..\..\..\..\Downloads\Web\src\views\AccountView.vue = ..\..\..\..\Downloads\Web\src\views\AccountView.vue
		..\..\..\..\Downloads\Web\src\views\ChatbotView.vue = ..\..\..\..\Downloads\Web\src\views\ChatbotView.vue
		..\..\..\..\Downloads\Web\src\views\ChatView.vue = ..\..\..\..\Downloads\Web\src\views\ChatView.vue
		..\..\..\..\Downloads\Web\src\views\DashboardView.vue = ..\..\..\..\Downloads\Web\src\views\DashboardView.vue
		..\..\..\..\Downloads\Web\src\views\HomeView.vue = ..\..\..\..\Downloads\Web\src\views\HomeView.vue
		..\..\..\..\Downloads\Web\src\views\PoliciesView.vue = ..\..\..\..\Downloads\Web\src\views\PoliciesView.vue
		..\..\..\..\Downloads\Web\src\views\PolicyCreateView.vue = ..\..\..\..\Downloads\Web\src\views\PolicyCreateView.vue
		..\..\..\..\Downloads\Web\src\views\PolicyDetailsView.vue = ..\..\..\..\Downloads\Web\src\views\PolicyDetailsView.vue
		..\..\..\..\Downloads\Web\src\views\ProductDetailsView.vue = ..\..\..\..\Downloads\Web\src\views\ProductDetailsView.vue
		..\..\..\..\Downloads\Web\src\views\ProductsView.vue = ..\..\..\..\Downloads\Web\src\views\ProductsView.vue
	EndProjectSection
EndProject
Project("{2150E333-8FDC-42A3-9474-1A3956D46DE8}") = "eureka-server", "eureka-server", "{A304969C-DBB3-4C91-B9CD-2564147BE484}"
	ProjectSection(SolutionItems) = preProject
		..\..\..\..\Downloads\eureka-server\build.gradle = ..\..\..\..\Downloads\eureka-server\build.gradle
		..\..\..\..\Downloads\eureka-server\Dockerfile = ..\..\..\..\Downloads\eureka-server\Dockerfile
		..\..\..\..\Downloads\eureka-server\gradlew = ..\..\..\..\Downloads\eureka-server\gradlew
		..\..\..\..\Downloads\eureka-server\gradlew.bat = ..\..\..\..\Downloads\eureka-server\gradlew.bat
	EndProjectSection
EndProject
Project("{2150E333-8FDC-42A3-9474-1A3956D46DE8}") = "gradle", "gradle", "{415330BD-F71E-4DEB-B650-F56713C46BF1}"
EndProject
Project("{2150E333-8FDC-42A3-9474-1A3956D46DE8}") = "src", "src", "{28BC7C03-F028-4422-812D-723EC9D22E52}"
EndProject
Project("{2150E333-8FDC-42A3-9474-1A3956D46DE8}") = "wrapper", "wrapper", "{DD6D4968-A0E9-4D8C-B2E3-8556FE50A705}"
	ProjectSection(SolutionItems) = preProject
		..\..\..\..\Downloads\eureka-server\gradle\wrapper\gradle-wrapper.jar = ..\..\..\..\Downloads\eureka-server\gradle\wrapper\gradle-wrapper.jar
		..\..\..\..\Downloads\eureka-server\gradle\wrapper\gradle-wrapper.properties = ..\..\..\..\Downloads\eureka-server\gradle\wrapper\gradle-wrapper.properties
	EndProjectSection
EndProject
Project("{2150E333-8FDC-42A3-9474-1A3956D46DE8}") = "main", "main", "{1DB73888-6ED9-4EF6-843D-A0F0594731F7}"
EndProject
Project("{2150E333-8FDC-42A3-9474-1A3956D46DE8}") = "java", "java", "{3FCB5176-ABD1-4D3C-B647-D5C3A24DF1BA}"
EndProject
Project("{2150E333-8FDC-42A3-9474-1A3956D46DE8}") = "resources", "resources", "{D07664D0-B1D2-4A79-B6EA-CD5081B1CBC3}"
	ProjectSection(SolutionItems) = preProject
		..\..\..\..\Downloads\eureka-server\src\main\resources\application.yml = ..\..\..\..\Downloads\eureka-server\src\main\resources\application.yml
	EndProjectSection
EndProject
Project("{2150E333-8FDC-42A3-9474-1A3956D46DE8}") = "net", "net", "{080ED98A-ECA1-4B6C-BA10-7902AA670AA4}"
EndProject
Project("{2150E333-8FDC-42A3-9474-1A3956D46DE8}") = "chrisrichardson", "chrisrichardson", "{67E294AD-1AF7-4327-84CF-FECA2B203182}"
EndProject
Project("{2150E333-8FDC-42A3-9474-1A3956D46DE8}") = "microservices", "microservices", "{6F9F376D-4768-4F64-AE20-6073FFACFF57}"
EndProject
Project("{2150E333-8FDC-42A3-9474-1A3956D46DE8}") = "eurekaserver", "eurekaserver", "{0D63936A-A4F4-4785-9B4D-32ACDDD91205}"
	ProjectSection(SolutionItems) = preProject
		..\..\..\..\Downloads\eureka-server\src\main\java\net\chrisrichardson\microservices\eurekaserver\EurekaServer.java = ..\..\..\..\Downloads\eureka-server\src\main\java\net\chrisrichardson\microservices\eurekaserver\EurekaServer.java
	EndProjectSection
EndProject
Project("{2150E333-8FDC-42A3-9474-1A3956D46DE8}") = "scripts", "scripts", "{11C24A2D-EECB-4275-B256-4175B37D082D}"
	ProjectSection(SolutionItems) = preProject
		..\..\..\..\Downloads\scripts\app-build.sh = ..\..\..\..\Downloads\scripts\app-build.sh
		..\..\..\..\Downloads\scripts\app-down.sh = ..\..\..\..\Downloads\scripts\app-down.sh
		..\..\..\..\Downloads\scripts\app-logs.sh = ..\..\..\..\Downloads\scripts\app-logs.sh
		..\..\..\..\Downloads\scripts\app-run.sh = ..\..\..\..\Downloads\scripts\app-run.sh
		..\..\..\..\Downloads\scripts\app.yml = ..\..\..\..\Downloads\scripts\app.yml
		..\..\..\..\Downloads\scripts\build-without-tests.bat = ..\..\..\..\Downloads\scripts\build-without-tests.bat
		..\..\..\..\Downloads\scripts\build-without-tests.sh = ..\..\..\..\Downloads\scripts\build-without-tests.sh
		..\..\..\..\Downloads\scripts\build.bat = ..\..\..\..\Downloads\scripts\build.bat
		..\..\..\..\Downloads\scripts\build.sh = ..\..\..\..\Downloads\scripts\build.sh
		..\..\..\..\Downloads\scripts\infra-build.sh = ..\..\..\..\Downloads\scripts\infra-build.sh
		..\..\..\..\Downloads\scripts\infra-down.sh = ..\..\..\..\Downloads\scripts\infra-down.sh
		..\..\..\..\Downloads\scripts\infra-logs.sh = ..\..\..\..\Downloads\scripts\infra-logs.sh
		..\..\..\..\Downloads\scripts\infra-run.sh = ..\..\..\..\Downloads\scripts\infra-run.sh
		..\..\..\..\Downloads\scripts\infra.yml = ..\..\..\..\Downloads\scripts\infra.yml
		..\..\..\..\Downloads\scripts\rabbitmq-isolated.conf = ..\..\..\..\Downloads\scripts\rabbitmq-isolated.conf
	EndProjectSection
EndProject
Project("{2150E333-8FDC-42A3-9474-1A3956D46DE8}") = "BlazorWasmClient", "BlazorWasmClient", "{F24D2BAD-00E4-4B64-8D37-5FE15D1375BB}"
	ProjectSection(SolutionItems) = preProject
		..\..\..\..\Downloads\BlazorWasmClient\App.razor = ..\..\..\..\Downloads\BlazorWasmClient\App.razor
		..\..\..\..\Downloads\BlazorWasmClient\BlazorWasmClient.csproj = ..\..\..\..\Downloads\BlazorWasmClient\BlazorWasmClient.csproj
		..\..\..\..\Downloads\BlazorWasmClient\GlobalUsings.cs = ..\..\..\..\Downloads\BlazorWasmClient\GlobalUsings.cs
		..\..\..\..\Downloads\BlazorWasmClient\Program.cs = ..\..\..\..\Downloads\BlazorWasmClient\Program.cs
		..\..\..\..\Downloads\BlazorWasmClient\_Imports.razor = ..\..\..\..\Downloads\BlazorWasmClient\_Imports.razor
	EndProjectSection
EndProject
Project("{2150E333-8FDC-42A3-9474-1A3956D46DE8}") = "Components", "Components", "{170DC393-BD7A-4228-880A-84DA6E85F015}"
EndProject
Project("{2150E333-8FDC-42A3-9474-1A3956D46DE8}") = "Auth", "Auth", "{4D99FB21-18F4-4C5C-9415-3B1B5A514AA1}"
	ProjectSection(SolutionItems) = preProject
		..\..\..\..\Downloads\BlazorWasmClient\Components\Auth\AuthClient.cs = ..\..\..\..\Downloads\BlazorWasmClient\Components\Auth\AuthClient.cs
		..\..\..\..\Downloads\BlazorWasmClient\Components\Auth\AuthRequest.cs = ..\..\..\..\Downloads\BlazorWasmClient\Components\Auth\AuthRequest.cs
		..\..\..\..\Downloads\BlazorWasmClient\Components\Auth\AuthResponse.cs = ..\..\..\..\Downloads\BlazorWasmClient\Components\Auth\AuthResponse.cs
		..\..\..\..\Downloads\BlazorWasmClient\Components\Auth\CustomAuthenticationStateProvider.cs = ..\..\..\..\Downloads\BlazorWasmClient\Components\Auth\CustomAuthenticationStateProvider.cs
		..\..\..\..\Downloads\BlazorWasmClient\Components\Auth\Login.razor = ..\..\..\..\Downloads\BlazorWasmClient\Components\Auth\Login.razor
		..\..\..\..\Downloads\BlazorWasmClient\Components\Auth\SessionStorageExtension.cs = ..\..\..\..\Downloads\BlazorWasmClient\Components\Auth\SessionStorageExtension.cs
		..\..\..\..\Downloads\BlazorWasmClient\Components\Auth\UserSession.cs = ..\..\..\..\Downloads\BlazorWasmClient\Components\Auth\UserSession.cs
	EndProjectSection
EndProject
Project("{2150E333-8FDC-42A3-9474-1A3956D46DE8}") = "Chat", "Chat", "{5D3D0BBC-B3BF-432E-A6DF-6174244BE1D8}"
	ProjectSection(SolutionItems) = preProject
		..\..\..\..\Downloads\BlazorWasmClient\Components\Chat\Chat.razor = ..\..\..\..\Downloads\BlazorWasmClient\Components\Chat\Chat.razor
		..\..\..\..\Downloads\BlazorWasmClient\Components\Chat\ChatMessage.cs = ..\..\..\..\Downloads\BlazorWasmClient\Components\Chat\ChatMessage.cs
	EndProjectSection
EndProject
Project("{2150E333-8FDC-42A3-9474-1A3956D46DE8}") = "Dashboard", "Dashboard", "{C56F2236-BA7A-492D-8FC5-8FC3BA1607E3}"
	ProjectSection(SolutionItems) = preProject
		..\..\..\..\Downloads\BlazorWasmClient\Components\Dashboard\Dashboard.razor = ..\..\..\..\Downloads\BlazorWasmClient\Components\Dashboard\Dashboard.razor
		..\..\..\..\Downloads\BlazorWasmClient\Components\Dashboard\DashboardClient.cs = ..\..\..\..\Downloads\BlazorWasmClient\Components\Dashboard\DashboardClient.cs
		..\..\..\..\Downloads\BlazorWasmClient\Components\Dashboard\ProductsSalesCard.razor = ..\..\..\..\Downloads\BlazorWasmClient\Components\Dashboard\ProductsSalesCard.razor
		..\..\..\..\Downloads\BlazorWasmClient\Components\Dashboard\ProductTotalSalesModel.cs = ..\..\..\..\Downloads\BlazorWasmClient\Components\Dashboard\ProductTotalSalesModel.cs
		..\..\..\..\Downloads\BlazorWasmClient\Components\Dashboard\SalesAgentsCard.razor = ..\..\..\..\Downloads\BlazorWasmClient\Components\Dashboard\SalesAgentsCard.razor
		..\..\..\..\Downloads\BlazorWasmClient\Components\Dashboard\TotalSalesCard.razor = ..\..\..\..\Downloads\BlazorWasmClient\Components\Dashboard\TotalSalesCard.razor
		..\..\..\..\Downloads\BlazorWasmClient\Components\Dashboard\TrandsCard.razor = ..\..\..\..\Downloads\BlazorWasmClient\Components\Dashboard\TrandsCard.razor
	EndProjectSection
EndProject
Project("{2150E333-8FDC-42A3-9474-1A3956D46DE8}") = "Layout", "Layout", "{0C87AA53-945F-4295-96C8-C65B245307F2}"
	ProjectSection(SolutionItems) = preProject
		..\..\..\..\Downloads\BlazorWasmClient\Components\Layout\FooterMenu.razor = ..\..\..\..\Downloads\BlazorWasmClient\Components\Layout\FooterMenu.razor
		..\..\..\..\Downloads\BlazorWasmClient\Components\Layout\SideMenu.razor = ..\..\..\..\Downloads\BlazorWasmClient\Components\Layout\SideMenu.razor
		..\..\..\..\Downloads\BlazorWasmClient\Components\Layout\ThemeColorSelector.razor = ..\..\..\..\Downloads\BlazorWasmClient\Components\Layout\ThemeColorSelector.razor
		..\..\..\..\Downloads\BlazorWasmClient\Components\Layout\ThemeColorSelector.razor.css = ..\..\..\..\Downloads\BlazorWasmClient\Components\Layout\ThemeColorSelector.razor.css
		..\..\..\..\Downloads\BlazorWasmClient\Components\Layout\TopMenu.razor = ..\..\..\..\Downloads\BlazorWasmClient\Components\Layout\TopMenu.razor
	EndProjectSection
EndProject
Project("{2150E333-8FDC-42A3-9474-1A3956D46DE8}") = "PolicySearch", "PolicySearch", "{5E15FBE6-1F34-484F-ADE0-FC155F9D9CBD}"
	ProjectSection(SolutionItems) = preProject
		..\..\..\..\Downloads\BlazorWasmClient\Components\PolicySearch\PolicySearch.razor = ..\..\..\..\Downloads\BlazorWasmClient\Components\PolicySearch\PolicySearch.razor
		..\..\..\..\Downloads\BlazorWasmClient\Components\PolicySearch\PolicySearchClient.cs = ..\..\..\..\Downloads\BlazorWasmClient\Components\PolicySearch\PolicySearchClient.cs
		..\..\..\..\Downloads\BlazorWasmClient\Components\PolicySearch\PolicySearchCriteriaModel.cs = ..\..\..\..\Downloads\BlazorWasmClient\Components\PolicySearch\PolicySearchCriteriaModel.cs
	EndProjectSection
EndProject
Project("{2150E333-8FDC-42A3-9474-1A3956D46DE8}") = "Products", "Products", "{36DD08D8-7874-411A-8D95-0EECE33422AC}"
	ProjectSection(SolutionItems) = preProject
		..\..\..\..\Downloads\BlazorWasmClient\Components\Products\ContractDetailsSection.razor = ..\..\..\..\Downloads\BlazorWasmClient\Components\Products\ContractDetailsSection.razor
		..\..\..\..\Downloads\BlazorWasmClient\Components\Products\OfferParametersModel.cs = ..\..\..\..\Downloads\BlazorWasmClient\Components\Products\OfferParametersModel.cs
		..\..\..\..\Downloads\BlazorWasmClient\Components\Products\OfferParamsSection.razor = ..\..\..\..\Downloads\BlazorWasmClient\Components\Products\OfferParamsSection.razor
		..\..\..\..\Downloads\BlazorWasmClient\Components\Products\PolicyClient.cs = ..\..\..\..\Downloads\BlazorWasmClient\Components\Products\PolicyClient.cs
		..\..\..\..\Downloads\BlazorWasmClient\Components\Products\PolicySummarySection.razor = ..\..\..\..\Downloads\BlazorWasmClient\Components\Products\PolicySummarySection.razor
		..\..\..\..\Downloads\BlazorWasmClient\Components\Products\ProductCard.razor = ..\..\..\..\Downloads\BlazorWasmClient\Components\Products\ProductCard.razor
		..\..\..\..\Downloads\BlazorWasmClient\Components\Products\ProductDetails.razor = ..\..\..\..\Downloads\BlazorWasmClient\Components\Products\ProductDetails.razor
		..\..\..\..\Downloads\BlazorWasmClient\Components\Products\ProductsClient.cs = ..\..\..\..\Downloads\BlazorWasmClient\Components\Products\ProductsClient.cs
		..\..\..\..\Downloads\BlazorWasmClient\Components\Products\ProductsList.razor = ..\..\..\..\Downloads\BlazorWasmClient\Components\Products\ProductsList.razor
	EndProjectSection
EndProject
Project("{2150E333-8FDC-42A3-9474-1A3956D46DE8}") = "Layouts", "Layouts", "{9DB7A6A9-CDF0-4CBD-8331-6EBF5810BA33}"
	ProjectSection(SolutionItems) = preProject
		..\..\..\..\Downloads\BlazorWasmClient\Layouts\MainLayout.razor = ..\..\..\..\Downloads\BlazorWasmClient\Layouts\MainLayout.razor
		..\..\..\..\Downloads\BlazorWasmClient\Layouts\MainLayout.razor.cs = ..\..\..\..\Downloads\BlazorWasmClient\Layouts\MainLayout.razor.cs
	EndProjectSection
EndProject
Project("{2150E333-8FDC-42A3-9474-1A3956D46DE8}") = "Pages", "Pages", "{DE0592C9-FC69-48B8-A9DB-EDD7A8B8BA8B}"
	ProjectSection(SolutionItems) = preProject
		..\..\..\..\Downloads\BlazorWasmClient\Pages\Home.razor = ..\..\..\..\Downloads\BlazorWasmClient\Pages\Home.razor
	EndProjectSection
EndProject
Project("{2150E333-8FDC-42A3-9474-1A3956D46DE8}") = "Properties", "Properties", "{0A646F7F-E7C7-4B3A-94BC-4331769B15EC}"
	ProjectSection(SolutionItems) = preProject
		..\..\..\..\Downloads\BlazorWasmClient\Properties\launchSettings.json = ..\..\..\..\Downloads\BlazorWasmClient\Properties\launchSettings.json
	EndProjectSection
EndProject
Project("{2150E333-8FDC-42A3-9474-1A3956D46DE8}") = "Shared", "Shared", "{92799473-84ED-4949-ADEC-F4F952C957B3}"
	ProjectSection(SolutionItems) = preProject
		..\..\..\..\Downloads\BlazorWasmClient\Shared\ApiResponse.cs = ..\..\..\..\Downloads\BlazorWasmClient\Shared\ApiResponse.cs
		..\..\..\..\Downloads\BlazorWasmClient\Shared\CustomValidations.cs = ..\..\..\..\Downloads\BlazorWasmClient\Shared\CustomValidations.cs
		..\..\..\..\Downloads\BlazorWasmClient\Shared\DateTimeExtension.cs = ..\..\..\..\Downloads\BlazorWasmClient\Shared\DateTimeExtension.cs
		..\..\..\..\Downloads\BlazorWasmClient\Shared\ProductIcons.cs = ..\..\..\..\Downloads\BlazorWasmClient\Shared\ProductIcons.cs
	EndProjectSection
EndProject
Project("{2150E333-8FDC-42A3-9474-1A3956D46DE8}") = "wwwroot", "wwwroot", "{FE045C22-346F-45AD-A764-64F01D474146}"
	ProjectSection(SolutionItems) = preProject
		..\..\..\..\Downloads\BlazorWasmClient\wwwroot\appsettings.json = ..\..\..\..\Downloads\BlazorWasmClient\wwwroot\appsettings.json
		..\..\..\..\Downloads\BlazorWasmClient\wwwroot\brand-logo.png = ..\..\..\..\Downloads\BlazorWasmClient\wwwroot\brand-logo.png
		..\..\..\..\Downloads\BlazorWasmClient\wwwroot\favicon.ico = ..\..\..\..\Downloads\BlazorWasmClient\wwwroot\favicon.ico
		..\..\..\..\Downloads\BlazorWasmClient\wwwroot\index.html = ..\..\..\..\Downloads\BlazorWasmClient\wwwroot\index.html
	EndProjectSection
EndProject
Project("{2150E333-8FDC-42A3-9474-1A3956D46DE8}") = "css", "css", "{0DD108E3-5532-43A5-95D6-9358EF9FCDB9}"
	ProjectSection(SolutionItems) = preProject
		..\..\..\..\Downloads\BlazorWasmClient\wwwroot\css\blazor-ui.css = ..\..\..\..\Downloads\BlazorWasmClient\wwwroot\css\blazor-ui.css
	EndProjectSection
EndProject
Project("{2150E333-8FDC-42A3-9474-1A3956D46DE8}") = "js", "js", "{BCEF9830-0245-4BD2-B437-95174152928F}"
EndProject
Project("{2150E333-8FDC-42A3-9474-1A3956D46DE8}") = "static", "static", "{D8031290-FABE-40F6-A0EA-6ADA53511D4B}"
	ProjectSection(SolutionItems) = preProject
		..\..\..\..\Downloads\BlazorWasmClient\wwwroot\static\car.jpg = ..\..\..\..\Downloads\BlazorWasmClient\wwwroot\static\car.jpg
		..\..\..\..\Downloads\BlazorWasmClient\wwwroot\static\farm.jpg = ..\..\..\..\Downloads\BlazorWasmClient\wwwroot\static\farm.jpg
		..\..\..\..\Downloads\BlazorWasmClient\wwwroot\static\house.jpg = ..\..\..\..\Downloads\BlazorWasmClient\wwwroot\static\house.jpg
		..\..\..\..\Downloads\BlazorWasmClient\wwwroot\static\travel.jpg = ..\..\..\..\Downloads\BlazorWasmClient\wwwroot\static\travel.jpg
	EndProjectSection
EndProject
Project("{2150E333-8FDC-42A3-9474-1A3956D46DE8}") = "material", "material", "{76F63AD2-5086-438B-9AE1-A3DAE0E7B9C1}"
	ProjectSection(SolutionItems) = preProject
		..\..\..\..\Downloads\BlazorWasmClient\wwwroot\css\material\material.css = ..\..\..\..\Downloads\BlazorWasmClient\wwwroot\css\material\material.css
		..\..\..\..\Downloads\BlazorWasmClient\wwwroot\css\material\material.css.map = ..\..\..\..\Downloads\BlazorWasmClient\wwwroot\css\material\material.css.map
		..\..\..\..\Downloads\BlazorWasmClient\wwwroot\css\material\material.min.css = ..\..\..\..\Downloads\BlazorWasmClient\wwwroot\css\material\material.min.css
		..\..\..\..\Downloads\BlazorWasmClient\wwwroot\css\material\material.min.css.map = ..\..\..\..\Downloads\BlazorWasmClient\wwwroot\css\material\material.min.css.map
	EndProjectSection
EndProject
Project("{2150E333-8FDC-42A3-9474-1A3956D46DE8}") = "material", "material", "{B14174D3-F9EB-4EF8-B0B6-74836C0E842A}"
	ProjectSection(SolutionItems) = preProject
		..\..\..\..\Downloads\BlazorWasmClient\wwwroot\js\material\material.js = ..\..\..\..\Downloads\BlazorWasmClient\wwwroot\js\material\material.js
		..\..\..\..\Downloads\BlazorWasmClient\wwwroot\js\material\material.js.map = ..\..\..\..\Downloads\BlazorWasmClient\wwwroot\js\material\material.js.map
		..\..\..\..\Downloads\BlazorWasmClient\wwwroot\js\material\material.min.js = ..\..\..\..\Downloads\BlazorWasmClient\wwwroot\js\material\material.min.js
		..\..\..\..\Downloads\BlazorWasmClient\wwwroot\js\material\material.min.js.map = ..\..\..\..\Downloads\BlazorWasmClient\wwwroot\js\material\material.min.js.map
	EndProjectSection
EndProject
Project("{2150E333-8FDC-42A3-9474-1A3956D46DE8}") = "avatars", "avatars", "{2E7DAC7F-8481-4C68-A119-7691AFA0C678}"
	ProjectSection(SolutionItems) = preProject
		..\..\..\..\Downloads\BlazorWasmClient\wwwroot\static\avatars\admin.png = ..\..\..\..\Downloads\BlazorWasmClient\wwwroot\static\avatars\admin.png
		..\..\..\..\Downloads\BlazorWasmClient\wwwroot\static\avatars\agent1.png = ..\..\..\..\Downloads\BlazorWasmClient\wwwroot\static\avatars\agent1.png
		..\..\..\..\Downloads\BlazorWasmClient\wwwroot\static\avatars\danny_solid.png = ..\..\..\..\Downloads\BlazorWasmClient\wwwroot\static\avatars\danny_solid.png
		..\..\..\..\Downloads\BlazorWasmClient\wwwroot\static\avatars\jimmy_solid.png = ..\..\..\..\Downloads\BlazorWasmClient\wwwroot\static\avatars\jimmy_solid.png
	EndProjectSection
EndProject
Project("{2150E333-8FDC-42A3-9474-1A3956D46DE8}") = "AgentPortalApiGateway", "AgentPortalApiGateway", "{5111D7D9-3768-44AB-B18A-38563E005E26}"
	ProjectSection(SolutionItems) = preProject
		AgentPortalApiGateway.csproj = AgentPortalApiGateway.csproj
		AppSettings.cs = AppSettings.cs
		appsettings.Development.json = appsettings.Development.json
		appsettings.docker.json = appsettings.docker.json
		appsettings.json = appsettings.json
		Dockerfile = Dockerfile
		ocelot.docker.json = ocelot.docker.json
		ocelot.json = ocelot.json
		Program.cs = Program.cs
	EndProjectSection
EndProject
Project("{2150E333-8FDC-42A3-9474-1A3956D46DE8}") = "Properties", "Properties", "{E30A1369-1F23-4262-A029-2E1A6E258AE1}"
	ProjectSection(SolutionItems) = preProject
		..\..\..\..\Downloads\AgentPortalApiGateway\Properties\launchSettings.json = ..\..\..\..\Downloads\AgentPortalApiGateway\Properties\launchSettings.json
	EndProjectSection
EndProject
Project("{FAE04EC0-301F-11D3-BF4B-00C04F79EFBC}") = "PaymentService", "PaymentService\PaymentService.csproj", "{1D588F36-2791-4DB5-91E6-FD99688BCF41}"
EndProject
Project("{FAE04EC0-301F-11D3-BF4B-00C04F79EFBC}") = "PricingService", "PricingService\PricingService.csproj", "{87FE87B4-BE23-4310-A993-ED624811C6EC}"
EndProject
Project("{FAE04EC0-301F-11D3-BF4B-00C04F79EFBC}") = "PricingService.Api", "PricingService.Api\PricingService.Api.csproj", "{D97C1ED0-8B17-4C2E-9E3E-AD0773DB7F73}"
EndProject
Project("{FAE04EC0-301F-11D3-BF4B-00C04F79EFBC}") = "PricingService.Test", "PricingService.Test\PricingService.Test.csproj", "{6ACFFE8C-82A2-409F-9856-1AF8645DE982}"
EndProject
Project("{FAE04EC0-301F-11D3-BF4B-00C04F79EFBC}") = "PricingService.IntegrationTest", "PricingService.IntegrationTest\PricingService.IntegrationTest.csproj", "{6BC06B99-FCE8-4842-A295-0BDC9E8D8119}"
EndProject
Global
	GlobalSection(SolutionConfigurationPlatforms) = preSolution
		Debug|Any CPU = Debug|Any CPU
		Release|Any CPU = Release|Any CPU
	EndGlobalSection
	GlobalSection(ProjectConfigurationPlatforms) = postSolution
		{66B90CFF-07CB-4E8C-9E9C-FB69495C57DA}.Debug|Any CPU.ActiveCfg = Debug|Any CPU
		{66B90CFF-07CB-4E8C-9E9C-FB69495C57DA}.Debug|Any CPU.Build.0 = Debug|Any CPU
		{66B90CFF-07CB-4E8C-9E9C-FB69495C57DA}.Release|Any CPU.ActiveCfg = Release|Any CPU
		{66B90CFF-07CB-4E8C-9E9C-FB69495C57DA}.Release|Any CPU.Build.0 = Release|Any CPU
		{ADDF727C-1CFA-4A67-A32A-A028E44A09D7}.Debug|Any CPU.ActiveCfg = Debug|Any CPU
		{ADDF727C-1CFA-4A67-A32A-A028E44A09D7}.Debug|Any CPU.Build.0 = Debug|Any CPU
		{ADDF727C-1CFA-4A67-A32A-A028E44A09D7}.Release|Any CPU.ActiveCfg = Release|Any CPU
		{ADDF727C-1CFA-4A67-A32A-A028E44A09D7}.Release|Any CPU.Build.0 = Release|Any CPU
		{9666F31D-3D76-4EF3-B0F8-75FF9A85E41E}.Debug|Any CPU.ActiveCfg = Debug|Any CPU
		{9666F31D-3D76-4EF3-B0F8-75FF9A85E41E}.Debug|Any CPU.Build.0 = Debug|Any CPU
		{9666F31D-3D76-4EF3-B0F8-75FF9A85E41E}.Release|Any CPU.ActiveCfg = Release|Any CPU
		{9666F31D-3D76-4EF3-B0F8-75FF9A85E41E}.Release|Any CPU.Build.0 = Release|Any CPU
		{446D4297-2A9B-4762-A63D-0AF14386A88E}.Debug|Any CPU.ActiveCfg = Debug|Any CPU
		{446D4297-2A9B-4762-A63D-0AF14386A88E}.Debug|Any CPU.Build.0 = Debug|Any CPU
		{446D4297-2A9B-4762-A63D-0AF14386A88E}.Release|Any CPU.ActiveCfg = Release|Any CPU
		{446D4297-2A9B-4762-A63D-0AF14386A88E}.Release|Any CPU.Build.0 = Release|Any CPU
		{E3D1FEF6-2A94-4767-8DB3-38E6B87418C4}.Debug|Any CPU.ActiveCfg = Debug|Any CPU
		{E3D1FEF6-2A94-4767-8DB3-38E6B87418C4}.Debug|Any CPU.Build.0 = Debug|Any CPU
		{E3D1FEF6-2A94-4767-8DB3-38E6B87418C4}.Release|Any CPU.ActiveCfg = Release|Any CPU
		{E3D1FEF6-2A94-4767-8DB3-38E6B87418C4}.Release|Any CPU.Build.0 = Release|Any CPU
		{13C0470D-E690-453D-A13C-06F29E0E6DFB}.Debug|Any CPU.ActiveCfg = Debug|Any CPU
		{13C0470D-E690-453D-A13C-06F29E0E6DFB}.Debug|Any CPU.Build.0 = Debug|Any CPU
		{13C0470D-E690-453D-A13C-06F29E0E6DFB}.Release|Any CPU.ActiveCfg = Release|Any CPU
		{13C0470D-E690-453D-A13C-06F29E0E6DFB}.Release|Any CPU.Build.0 = Release|Any CPU
		{11ADC183-CF64-4B94-A2C3-DEDCAFC84010}.Debug|Any CPU.ActiveCfg = Debug|Any CPU
		{11ADC183-CF64-4B94-A2C3-DEDCAFC84010}.Debug|Any CPU.Build.0 = Debug|Any CPU
		{11ADC183-CF64-4B94-A2C3-DEDCAFC84010}.Release|Any CPU.ActiveCfg = Release|Any CPU
		{11ADC183-CF64-4B94-A2C3-DEDCAFC84010}.Release|Any CPU.Build.0 = Release|Any CPU
		{2AB7BCEE-C434-4B86-85E4-EDBF4B7EED73}.Debug|Any CPU.ActiveCfg = Debug|Any CPU
		{2AB7BCEE-C434-4B86-85E4-EDBF4B7EED73}.Debug|Any CPU.Build.0 = Debug|Any CPU
		{2AB7BCEE-C434-4B86-85E4-EDBF4B7EED73}.Release|Any CPU.ActiveCfg = Release|Any CPU
		{2AB7BCEE-C434-4B86-85E4-EDBF4B7EED73}.Release|Any CPU.Build.0 = Release|Any CPU
		{82AC57D3-AD3B-4FA9-881F-D22DD64530D1}.Debug|Any CPU.ActiveCfg = Debug|Any CPU
		{82AC57D3-AD3B-4FA9-881F-D22DD64530D1}.Debug|Any CPU.Build.0 = Debug|Any CPU
		{82AC57D3-AD3B-4FA9-881F-D22DD64530D1}.Release|Any CPU.ActiveCfg = Release|Any CPU
		{82AC57D3-AD3B-4FA9-881F-D22DD64530D1}.Release|Any CPU.Build.0 = Release|Any CPU
		{01902560-B387-4D78-B47B-16E46D506286}.Debug|Any CPU.ActiveCfg = Debug|Any CPU
		{01902560-B387-4D78-B47B-16E46D506286}.Debug|Any CPU.Build.0 = Debug|Any CPU
		{01902560-B387-4D78-B47B-16E46D506286}.Release|Any CPU.ActiveCfg = Release|Any CPU
		{01902560-B387-4D78-B47B-16E46D506286}.Release|Any CPU.Build.0 = Release|Any CPU
		{763F8F01-E94E-49B5-AA43-4584DB26283F}.Debug|Any CPU.ActiveCfg = Debug|Any CPU
		{763F8F01-E94E-49B5-AA43-4584DB26283F}.Debug|Any CPU.Build.0 = Debug|Any CPU
		{763F8F01-E94E-49B5-AA43-4584DB26283F}.Release|Any CPU.ActiveCfg = Release|Any CPU
		{763F8F01-E94E-49B5-AA43-4584DB26283F}.Release|Any CPU.Build.0 = Release|Any CPU
		{18683FA4-1C78-4214-9866-2C1565573136}.Debug|Any CPU.ActiveCfg = Debug|Any CPU
		{18683FA4-1C78-4214-9866-2C1565573136}.Debug|Any CPU.Build.0 = Debug|Any CPU
		{18683FA4-1C78-4214-9866-2C1565573136}.Release|Any CPU.ActiveCfg = Release|Any CPU
		{18683FA4-1C78-4214-9866-2C1565573136}.Release|Any CPU.Build.0 = Release|Any CPU
		{F26742C7-52FC-4569-A75A-4FA809D146E2}.Debug|Any CPU.ActiveCfg = Debug|Any CPU
		{F26742C7-52FC-4569-A75A-4FA809D146E2}.Debug|Any CPU.Build.0 = Debug|Any CPU
		{F26742C7-52FC-4569-A75A-4FA809D146E2}.Release|Any CPU.ActiveCfg = Release|Any CPU
		{F26742C7-52FC-4569-A75A-4FA809D146E2}.Release|Any CPU.Build.0 = Release|Any CPU
		{5011AB83-A40D-4679-A54B-1A0E8CD6C3C9}.Debug|Any CPU.ActiveCfg = Debug|Any CPU
		{5011AB83-A40D-4679-A54B-1A0E8CD6C3C9}.Debug|Any CPU.Build.0 = Debug|Any CPU
		{5011AB83-A40D-4679-A54B-1A0E8CD6C3C9}.Release|Any CPU.ActiveCfg = Release|Any CPU
		{5011AB83-A40D-4679-A54B-1A0E8CD6C3C9}.Release|Any CPU.Build.0 = Release|Any CPU
		{9E6411AA-2714-4BBF-A1E3-2CF7DB8EF949}.Debug|Any CPU.ActiveCfg = Debug|Any CPU
		{9E6411AA-2714-4BBF-A1E3-2CF7DB8EF949}.Debug|Any CPU.Build.0 = Debug|Any CPU
		{9E6411AA-2714-4BBF-A1E3-2CF7DB8EF949}.Release|Any CPU.ActiveCfg = Release|Any CPU
		{9E6411AA-2714-4BBF-A1E3-2CF7DB8EF949}.Release|Any CPU.Build.0 = Release|Any CPU
		{2323CD9E-6E74-4566-BF37-5E152FF4385F}.Debug|Any CPU.ActiveCfg = Debug|Any CPU
		{2323CD9E-6E74-4566-BF37-5E152FF4385F}.Debug|Any CPU.Build.0 = Debug|Any CPU
		{2323CD9E-6E74-4566-BF37-5E152FF4385F}.Release|Any CPU.ActiveCfg = Release|Any CPU
		{2323CD9E-6E74-4566-BF37-5E152FF4385F}.Release|Any CPU.Build.0 = Release|Any CPU
		{17767232-495E-4EE8-9E27-E632ACF6680F}.Debug|Any CPU.ActiveCfg = Debug|Any CPU
		{17767232-495E-4EE8-9E27-E632ACF6680F}.Debug|Any CPU.Build.0 = Debug|Any CPU
		{17767232-495E-4EE8-9E27-E632ACF6680F}.Release|Any CPU.ActiveCfg = Release|Any CPU
		{17767232-495E-4EE8-9E27-E632ACF6680F}.Release|Any CPU.Build.0 = Release|Any CPU
		{8EC7BB56-4DB2-4CD7-912D-193340EF7A54}.Debug|Any CPU.ActiveCfg = Debug|Any CPU
		{8EC7BB56-4DB2-4CD7-912D-193340EF7A54}.Debug|Any CPU.Build.0 = Debug|Any CPU
		{8EC7BB56-4DB2-4CD7-912D-193340EF7A54}.Release|Any CPU.ActiveCfg = Release|Any CPU
		{8EC7BB56-4DB2-4CD7-912D-193340EF7A54}.Release|Any CPU.Build.0 = Release|Any CPU
		{C2ED020F-F247-4208-A689-15E35FB02865}.Debug|Any CPU.ActiveCfg = Debug|Any CPU
		{C2ED020F-F247-4208-A689-15E35FB02865}.Debug|Any CPU.Build.0 = Debug|Any CPU
		{C2ED020F-F247-4208-A689-15E35FB02865}.Release|Any CPU.ActiveCfg = Release|Any CPU
		{C2ED020F-F247-4208-A689-15E35FB02865}.Release|Any CPU.Build.0 = Release|Any CPU
		{7A2FEB8C-198C-427D-8239-A178079C97BE}.Debug|Any CPU.ActiveCfg = Debug|Any CPU
		{7A2FEB8C-198C-427D-8239-A178079C97BE}.Debug|Any CPU.Build.0 = Debug|Any CPU
		{7A2FEB8C-198C-427D-8239-A178079C97BE}.Release|Any CPU.ActiveCfg = Release|Any CPU
		{7A2FEB8C-198C-427D-8239-A178079C97BE}.Release|Any CPU.Build.0 = Release|Any CPU
		{3BEABCDD-D4F6-4D2C-A1D8-D1C3DF58056F}.Debug|Any CPU.ActiveCfg = Debug|Any CPU
		{3BEABCDD-D4F6-4D2C-A1D8-D1C3DF58056F}.Debug|Any CPU.Build.0 = Debug|Any CPU
		{3BEABCDD-D4F6-4D2C-A1D8-D1C3DF58056F}.Release|Any CPU.ActiveCfg = Release|Any CPU
		{3BEABCDD-D4F6-4D2C-A1D8-D1C3DF58056F}.Release|Any CPU.Build.0 = Release|Any CPU
		{34BBA433-BAD8-4D20-A4E7-349C271FC900}.Debug|Any CPU.ActiveCfg = Debug|Any CPU
		{34BBA433-BAD8-4D20-A4E7-349C271FC900}.Debug|Any CPU.Build.0 = Debug|Any CPU
		{34BBA433-BAD8-4D20-A4E7-349C271FC900}.Release|Any CPU.ActiveCfg = Release|Any CPU
		{34BBA433-BAD8-4D20-A4E7-349C271FC900}.Release|Any CPU.Build.0 = Release|Any CPU
		{DBA4C56C-5234-4BF7-8BAD-577F41F826C9}.Debug|Any CPU.ActiveCfg = Debug|Any CPU
		{DBA4C56C-5234-4BF7-8BAD-577F41F826C9}.Debug|Any CPU.Build.0 = Debug|Any CPU
		{DBA4C56C-5234-4BF7-8BAD-577F41F826C9}.Release|Any CPU.ActiveCfg = Release|Any CPU
		{DBA4C56C-5234-4BF7-8BAD-577F41F826C9}.Release|Any CPU.Build.0 = Release|Any CPU
		{9EC6060E-0AF7-4617-8ABD-9672969A6063}.Debug|Any CPU.ActiveCfg = Debug|Any CPU
		{9EC6060E-0AF7-4617-8ABD-9672969A6063}.Debug|Any CPU.Build.0 = Debug|Any CPU
		{9EC6060E-0AF7-4617-8ABD-9672969A6063}.Release|Any CPU.ActiveCfg = Release|Any CPU
		{9EC6060E-0AF7-4617-8ABD-9672969A6063}.Release|Any CPU.Build.0 = Release|Any CPU
		{9960C927-5F0E-475B-8F65-CF0047D30B4A}.Debug|Any CPU.ActiveCfg = Debug|Any CPU
		{9960C927-5F0E-475B-8F65-CF0047D30B4A}.Debug|Any CPU.Build.0 = Debug|Any CPU
		{9960C927-5F0E-475B-8F65-CF0047D30B4A}.Release|Any CPU.ActiveCfg = Release|Any CPU
		{9960C927-5F0E-475B-8F65-CF0047D30B4A}.Release|Any CPU.Build.0 = Release|Any CPU
		{7E80B78D-90AA-4138-8E7C-23A88657C28D}.Debug|Any CPU.ActiveCfg = Debug|Any CPU
		{7E80B78D-90AA-4138-8E7C-23A88657C28D}.Debug|Any CPU.Build.0 = Debug|Any CPU
		{7E80B78D-90AA-4138-8E7C-23A88657C28D}.Release|Any CPU.ActiveCfg = Release|Any CPU
		{7E80B78D-90AA-4138-8E7C-23A88657C28D}.Release|Any CPU.Build.0 = Release|Any CPU
		{1D588F36-2791-4DB5-91E6-FD99688BCF41}.Debug|Any CPU.ActiveCfg = Debug|Any CPU
		{1D588F36-2791-4DB5-91E6-FD99688BCF41}.Debug|Any CPU.Build.0 = Debug|Any CPU
		{1D588F36-2791-4DB5-91E6-FD99688BCF41}.Release|Any CPU.ActiveCfg = Release|Any CPU
		{1D588F36-2791-4DB5-91E6-FD99688BCF41}.Release|Any CPU.Build.0 = Release|Any CPU
		{87FE87B4-BE23-4310-A993-ED624811C6EC}.Debug|Any CPU.ActiveCfg = Debug|Any CPU
		{87FE87B4-BE23-4310-A993-ED624811C6EC}.Debug|Any CPU.Build.0 = Debug|Any CPU
		{87FE87B4-BE23-4310-A993-ED624811C6EC}.Release|Any CPU.ActiveCfg = Release|Any CPU
		{87FE87B4-BE23-4310-A993-ED624811C6EC}.Release|Any CPU.Build.0 = Release|Any CPU
		{D97C1ED0-8B17-4C2E-9E3E-AD0773DB7F73}.Debug|Any CPU.ActiveCfg = Debug|Any CPU
		{D97C1ED0-8B17-4C2E-9E3E-AD0773DB7F73}.Debug|Any CPU.Build.0 = Debug|Any CPU
		{D97C1ED0-8B17-4C2E-9E3E-AD0773DB7F73}.Release|Any CPU.ActiveCfg = Release|Any CPU
		{D97C1ED0-8B17-4C2E-9E3E-AD0773DB7F73}.Release|Any CPU.Build.0 = Release|Any CPU
		{6ACFFE8C-82A2-409F-9856-1AF8645DE982}.Debug|Any CPU.ActiveCfg = Debug|Any CPU
		{6ACFFE8C-82A2-409F-9856-1AF8645DE982}.Debug|Any CPU.Build.0 = Debug|Any CPU
		{6ACFFE8C-82A2-409F-9856-1AF8645DE982}.Release|Any CPU.ActiveCfg = Release|Any CPU
		{6ACFFE8C-82A2-409F-9856-1AF8645DE982}.Release|Any CPU.Build.0 = Release|Any CPU
		{6BC06B99-FCE8-4842-A295-0BDC9E8D8119}.Debug|Any CPU.ActiveCfg = Debug|Any CPU
		{6BC06B99-FCE8-4842-A295-0BDC9E8D8119}.Debug|Any CPU.Build.0 = Debug|Any CPU
		{6BC06B99-FCE8-4842-A295-0BDC9E8D8119}.Release|Any CPU.ActiveCfg = Release|Any CPU
		{6BC06B99-FCE8-4842-A295-0BDC9E8D8119}.Release|Any CPU.Build.0 = Release|Any CPU
	EndGlobalSection
	GlobalSection(SolutionProperties) = preSolution
		HideSolutionNode = FALSE
	EndGlobalSection
	GlobalSection(NestedProjects) = preSolution
		{66B90CFF-07CB-4E8C-9E9C-FB69495C57DA} = {B7FBC942-04FE-4E47-9387-E953945923BF}
		{ADDF727C-1CFA-4A67-A32A-A028E44A09D7} = {B7FBC942-04FE-4E47-9387-E953945923BF}
		{9666F31D-3D76-4EF3-B0F8-75FF9A85E41E} = {B7FBC942-04FE-4E47-9387-E953945923BF}
		{446D4297-2A9B-4762-A63D-0AF14386A88E} = {5469D2A0-870B-4AC1-86D6-1279BE8BBE4B}
		{E3D1FEF6-2A94-4767-8DB3-38E6B87418C4} = {5469D2A0-870B-4AC1-86D6-1279BE8BBE4B}
		{13C0470D-E690-453D-A13C-06F29E0E6DFB} = {5469D2A0-870B-4AC1-86D6-1279BE8BBE4B}
		{11ADC183-CF64-4B94-A2C3-DEDCAFC84010} = {02EA681E-C7D8-13C7-8484-4AC65E1B71E8}
		{2AB7BCEE-C434-4B86-85E4-EDBF4B7EED73} = {02EA681E-C7D8-13C7-8484-4AC65E1B71E8}
		{82AC57D3-AD3B-4FA9-881F-D22DD64530D1} = {23CA5545-9720-4EFA-AFFD-BB87CD161D62}
		{01902560-B387-4D78-B47B-16E46D506286} = {23CA5545-9720-4EFA-AFFD-BB87CD161D62}
		{763F8F01-E94E-49B5-AA43-4584DB26283F} = {23CA5545-9720-4EFA-AFFD-BB87CD161D62}
		{18683FA4-1C78-4214-9866-2C1565573136} = {720A06BD-7234-41DE-84C3-F6926EEF12E1}
		{F26742C7-52FC-4569-A75A-4FA809D146E2} = {720A06BD-7234-41DE-84C3-F6926EEF12E1}
		{5011AB83-A40D-4679-A54B-1A0E8CD6C3C9} = {720A06BD-7234-41DE-84C3-F6926EEF12E1}
		{9E6411AA-2714-4BBF-A1E3-2CF7DB8EF949} = {EE4926DF-622F-40F3-A3CA-BA8B264ECC6E}
		{2323CD9E-6E74-4566-BF37-5E152FF4385F} = {EE4926DF-622F-40F3-A3CA-BA8B264ECC6E}
		{17767232-495E-4EE8-9E27-E632ACF6680F} = {EE4926DF-622F-40F3-A3CA-BA8B264ECC6E}
		{8EC7BB56-4DB2-4CD7-912D-193340EF7A54} = {2961ADE7-A21B-440F-94A6-0A97F25A8419}
		{C2ED020F-F247-4208-A689-15E35FB02865} = {2961ADE7-A21B-440F-94A6-0A97F25A8419}
		{7A2FEB8C-198C-427D-8239-A178079C97BE} = {2961ADE7-A21B-440F-94A6-0A97F25A8419}
		{3BEABCDD-D4F6-4D2C-A1D8-D1C3DF58056F} = {9E3FB8F3-E1CF-44E2-BA2A-2FE787182741}
		{34BBA433-BAD8-4D20-A4E7-349C271FC900} = {9E3FB8F3-E1CF-44E2-BA2A-2FE787182741}
		{DBA4C56C-5234-4BF7-8BAD-577F41F826C9} = {9E3FB8F3-E1CF-44E2-BA2A-2FE787182741}
		{9EC6060E-0AF7-4617-8ABD-9672969A6063} = {CFEC97B7-6719-43A9-A273-4EF4FE3E1AFD}
		{9960C927-5F0E-475B-8F65-CF0047D30B4A} = {CFEC97B7-6719-43A9-A273-4EF4FE3E1AFD}
		{7E80B78D-90AA-4138-8E7C-23A88657C28D} = {CFEC97B7-6719-43A9-A273-4EF4FE3E1AFD}
		{C09E3269-72A8-442B-BA6A-DA69C6F1D330} = {E103EFF2-E88A-4256-8D6A-29A66EB43640}
		{3FF04082-2217-41D2-B0EE-18993E63CE49} = {C09E3269-72A8-442B-BA6A-DA69C6F1D330}
		{69F90C25-BF98-463B-B6AF-DAA0E67E260B} = {3FF04082-2217-41D2-B0EE-18993E63CE49}
		{F4DD91B0-7BDA-44C0-BECF-76385D6E04B9} = {E103EFF2-E88A-4256-8D6A-29A66EB43640}
		{A9D02732-CFBA-41DE-B409-79A7ACCFAE2B} = {F4DD91B0-7BDA-44C0-BECF-76385D6E04B9}
		{9E97C29B-4C34-4C62-9981-220D2BF1A80C} = {A9D02732-CFBA-41DE-B409-79A7ACCFAE2B}
		{5BD7EF62-CDDF-48C3-9038-2C386B3D1C45} = {F4DD91B0-7BDA-44C0-BECF-76385D6E04B9}
		{0A77E06F-239E-4272-A853-1017397D1828} = {F4DD91B0-7BDA-44C0-BECF-76385D6E04B9}
		{415330BD-F71E-4DEB-B650-F56713C46BF1} = {A304969C-DBB3-4C91-B9CD-2564147BE484}
		{28BC7C03-F028-4422-812D-723EC9D22E52} = {A304969C-DBB3-4C91-B9CD-2564147BE484}
		{DD6D4968-A0E9-4D8C-B2E3-8556FE50A705} = {415330BD-F71E-4DEB-B650-F56713C46BF1}
		{1DB73888-6ED9-4EF6-843D-A0F0594731F7} = {28BC7C03-F028-4422-812D-723EC9D22E52}
		{3FCB5176-ABD1-4D3C-B647-D5C3A24DF1BA} = {1DB73888-6ED9-4EF6-843D-A0F0594731F7}
		{D07664D0-B1D2-4A79-B6EA-CD5081B1CBC3} = {1DB73888-6ED9-4EF6-843D-A0F0594731F7}
		{080ED98A-ECA1-4B6C-BA10-7902AA670AA4} = {3FCB5176-ABD1-4D3C-B647-D5C3A24DF1BA}
		{67E294AD-1AF7-4327-84CF-FECA2B203182} = {080ED98A-ECA1-4B6C-BA10-7902AA670AA4}
		{6F9F376D-4768-4F64-AE20-6073FFACFF57} = {67E294AD-1AF7-4327-84CF-FECA2B203182}
		{0D63936A-A4F4-4785-9B4D-32ACDDD91205} = {6F9F376D-4768-4F64-AE20-6073FFACFF57}
		{170DC393-BD7A-4228-880A-84DA6E85F015} = {F24D2BAD-00E4-4B64-8D37-5FE15D1375BB}
		{4D99FB21-18F4-4C5C-9415-3B1B5A514AA1} = {170DC393-BD7A-4228-880A-84DA6E85F015}
		{5D3D0BBC-B3BF-432E-A6DF-6174244BE1D8} = {170DC393-BD7A-4228-880A-84DA6E85F015}
		{C56F2236-BA7A-492D-8FC5-8FC3BA1607E3} = {170DC393-BD7A-4228-880A-84DA6E85F015}
		{0C87AA53-945F-4295-96C8-C65B245307F2} = {170DC393-BD7A-4228-880A-84DA6E85F015}
		{5E15FBE6-1F34-484F-ADE0-FC155F9D9CBD} = {170DC393-BD7A-4228-880A-84DA6E85F015}
		{36DD08D8-7874-411A-8D95-0EECE33422AC} = {170DC393-BD7A-4228-880A-84DA6E85F015}
		{9DB7A6A9-CDF0-4CBD-8331-6EBF5810BA33} = {F24D2BAD-00E4-4B64-8D37-5FE15D1375BB}
		{DE0592C9-FC69-48B8-A9DB-EDD7A8B8BA8B} = {F24D2BAD-00E4-4B64-8D37-5FE15D1375BB}
		{0A646F7F-E7C7-4B3A-94BC-4331769B15EC} = {F24D2BAD-00E4-4B64-8D37-5FE15D1375BB}
		{92799473-84ED-4949-ADEC-F4F952C957B3} = {F24D2BAD-00E4-4B64-8D37-5FE15D1375BB}
		{FE045C22-346F-45AD-A764-64F01D474146} = {F24D2BAD-00E4-4B64-8D37-5FE15D1375BB}
		{0DD108E3-5532-43A5-95D6-9358EF9FCDB9} = {FE045C22-346F-45AD-A764-64F01D474146}
		{BCEF9830-0245-4BD2-B437-95174152928F} = {FE045C22-346F-45AD-A764-64F01D474146}
		{D8031290-FABE-40F6-A0EA-6ADA53511D4B} = {FE045C22-346F-45AD-A764-64F01D474146}
		{76F63AD2-5086-438B-9AE1-A3DAE0E7B9C1} = {0DD108E3-5532-43A5-95D6-9358EF9FCDB9}
		{B14174D3-F9EB-4EF8-B0B6-74836C0E842A} = {BCEF9830-0245-4BD2-B437-95174152928F}
		{2E7DAC7F-8481-4C68-A119-7691AFA0C678} = {D8031290-FABE-40F6-A0EA-6ADA53511D4B}
		{E30A1369-1F23-4262-A029-2E1A6E258AE1} = {5111D7D9-3768-44AB-B18A-38563E005E26}
		{1D588F36-2791-4DB5-91E6-FD99688BCF41} = {02EA681E-C7D8-13C7-8484-4AC65E1B71E8}
		{87FE87B4-BE23-4310-A993-ED624811C6EC} = {921E2715-5910-4A8C-9AC1-4568077F97F8}
		{D97C1ED0-8B17-4C2E-9E3E-AD0773DB7F73} = {921E2715-5910-4A8C-9AC1-4568077F97F8}
		{6ACFFE8C-82A2-409F-9856-1AF8645DE982} = {921E2715-5910-4A8C-9AC1-4568077F97F8}
		{6BC06B99-FCE8-4842-A295-0BDC9E8D8119} = {921E2715-5910-4A8C-9AC1-4568077F97F8}
	EndGlobalSection
	GlobalSection(ExtensibilityGlobals) = postSolution
		SolutionGuid = {8C26B45A-81EE-4050-9ABD-CBAEE345490D}
	EndGlobalSection
EndGlobal
